// !$*UTF8*$!
{
	archiveVersion = 1;
	classes = {
	};
	objectVersion = 48;
	objects = {

/* Begin PBXBuildFile section */
		5B11821122C8746E007D963A /* SetExhaustionAnimation.swift in Sources */ = {isa = PBXBuildFile; fileRef = 5B11821022C8746D007D963A /* SetExhaustionAnimation.swift */; };
		5B11821322C8888E007D963A /* RecallAnimation.swift in Sources */ = {isa = PBXBuildFile; fileRef = 5B11821222C8888E007D963A /* RecallAnimation.swift */; };
		5B11821522C89374007D963A /* SecretAdvantageSpell.swift in Sources */ = {isa = PBXBuildFile; fileRef = 5B11821422C89374007D963A /* SecretAdvantageSpell.swift */; };
		5B11821722C8BB28007D963A /* BuffCardStatAnimation.swift in Sources */ = {isa = PBXBuildFile; fileRef = 5B11821622C8BB28007D963A /* BuffCardStatAnimation.swift */; };
		5B11821922C927A6007D963A /* MirrorImageSpell.swift in Sources */ = {isa = PBXBuildFile; fileRef = 5B11821822C927A6007D963A /* MirrorImageSpell.swift */; };
		5B19083422B2600900CE8121 /* DamageAnimation.swift in Sources */ = {isa = PBXBuildFile; fileRef = 5B19083322B2600900CE8121 /* DamageAnimation.swift */; };
		5B19083622B2760E00CE8121 /* CreatureSprite.swift in Sources */ = {isa = PBXBuildFile; fileRef = 5B19083522B2760E00CE8121 /* CreatureSprite.swift */; };
		5B19083822B282A300CE8121 /* SummonAnimation.swift in Sources */ = {isa = PBXBuildFile; fileRef = 5B19083722B282A300CE8121 /* SummonAnimation.swift */; };
		5B19083C22B3527D00CE8121 /* PassiveAbility.swift in Sources */ = {isa = PBXBuildFile; fileRef = 5B19083B22B3527D00CE8121 /* PassiveAbility.swift */; };
		5B19083E22B3A13B00CE8121 /* BattleEvent.swift in Sources */ = {isa = PBXBuildFile; fileRef = 5B19083D22B3A13B00CE8121 /* BattleEvent.swift */; };
		5B19084222B4DAB600CE8121 /* DeathAnimation.swift in Sources */ = {isa = PBXBuildFile; fileRef = 5B19084122B4DAB600CE8121 /* DeathAnimation.swift */; };
		5B19084422B696A700CE8121 /* RetreatAnimation.swift in Sources */ = {isa = PBXBuildFile; fileRef = 5B19084322B696A700CE8121 /* RetreatAnimation.swift */; };
		5B19084622B6A01400CE8121 /* SwapResponseAnimation.swift in Sources */ = {isa = PBXBuildFile; fileRef = 5B19084522B6A01400CE8121 /* SwapResponseAnimation.swift */; };
		5B19084922B6C29B00CE8121 /* SwapAnimation.swift in Sources */ = {isa = PBXBuildFile; fileRef = 5B19084822B6C29B00CE8121 /* SwapAnimation.swift */; };
		5B1AC39A203BB01200F3B921 /* HandSprite.swift in Sources */ = {isa = PBXBuildFile; fileRef = 5B1AC399203BB01200F3B921 /* HandSprite.swift */; };
		5B1AC39C203C435A00F3B921 /* Deck.swift in Sources */ = {isa = PBXBuildFile; fileRef = 5B1AC39B203C435A00F3B921 /* Deck.swift */; };
		5B253C3B22C365DB00D25927 /* BuffStatAnimation.swift in Sources */ = {isa = PBXBuildFile; fileRef = 5B253C3A22C365DB00D25927 /* BuffStatAnimation.swift */; };
		5B2622CB228A64E100DFE0EE /* CardLibrary.swift in Sources */ = {isa = PBXBuildFile; fileRef = 5B2622CA228A64E100DFE0EE /* CardLibrary.swift */; };
		5B2622CD228A82CE00DFE0EE /* ActiveAbility.swift in Sources */ = {isa = PBXBuildFile; fileRef = 5B2622CC228A82CE00DFE0EE /* ActiveAbility.swift */; };
		5B33A64C204116CF00CF2D76 /* SpellCard.swift in Sources */ = {isa = PBXBuildFile; fileRef = 5B33A64B204116CF00CF2D76 /* SpellCard.swift */; };
		5B35E5C12051FC1400678A10 /* BountyHunterCreature.swift in Sources */ = {isa = PBXBuildFile; fileRef = 5B35E5C02051FC1400678A10 /* BountyHunterCreature.swift */; };
		5B35E5CA2056AA4300678A10 /* OldProphetCreature.swift in Sources */ = {isa = PBXBuildFile; fileRef = 5B35E5C92056AA4300678A10 /* OldProphetCreature.swift */; };
		5B35E5CC2056AE1A00678A10 /* FireImpCreature.swift in Sources */ = {isa = PBXBuildFile; fileRef = 5B35E5CB2056AE1A00678A10 /* FireImpCreature.swift */; };
		5B35E5CE2056BA6100678A10 /* RoyalAlchemistCreature.swift in Sources */ = {isa = PBXBuildFile; fileRef = 5B35E5CD2056BA6100678A10 /* RoyalAlchemistCreature.swift */; };
		5B35E5D02056D14C00678A10 /* FirelinkPriestCreature.swift in Sources */ = {isa = PBXBuildFile; fileRef = 5B35E5CF2056D14C00678A10 /* FirelinkPriestCreature.swift */; };
		5B35E5D22056D92C00678A10 /* MysticLancerCreature.swift in Sources */ = {isa = PBXBuildFile; fileRef = 5B35E5D12056D92C00678A10 /* MysticLancerCreature.swift */; };
		5B35E5D42057034E00678A10 /* WitchCreature.swift in Sources */ = {isa = PBXBuildFile; fileRef = 5B35E5D32057034E00678A10 /* WitchCreature.swift */; };
		5B3A29C522C00E1100CF1AE1 /* SpellCardSprite.swift in Sources */ = {isa = PBXBuildFile; fileRef = 5B3A29C422C00E1100CF1AE1 /* SpellCardSprite.swift */; };
		5B3A29C722C00E4000CF1AE1 /* CreatureCardSprite.swift in Sources */ = {isa = PBXBuildFile; fileRef = 5B3A29C622C00E4000CF1AE1 /* CreatureCardSprite.swift */; };
		5B3A29CA22C1648900CF1AE1 /* DiscardCardAnimation.swift in Sources */ = {isa = PBXBuildFile; fileRef = 5B3A29C922C1648900CF1AE1 /* DiscardCardAnimation.swift */; };
		5B3A29CC22C1994B00CF1AE1 /* RepositionHandAnimation.swift in Sources */ = {isa = PBXBuildFile; fileRef = 5B3A29CB22C1994B00CF1AE1 /* RepositionHandAnimation.swift */; };
		5B3A29D522C28DC200CF1AE1 /* ResetCooldownAnimation.swift in Sources */ = {isa = PBXBuildFile; fileRef = 5B3A29D422C28DC200CF1AE1 /* ResetCooldownAnimation.swift */; };
		5B3FE3F322807A1900470A5F /* UniqTests.swift in Sources */ = {isa = PBXBuildFile; fileRef = 5B3FE3F222807A1900470A5F /* UniqTests.swift */; };
		5B40054122C53C85005AABB6 /* FairyCreature.swift in Sources */ = {isa = PBXBuildFile; fileRef = 5B40054022C53C85005AABB6 /* FairyCreature.swift */; };
		5B40054322C53EC7005AABB6 /* ThugCreature.swift in Sources */ = {isa = PBXBuildFile; fileRef = 5B40054222C53EC7005AABB6 /* ThugCreature.swift */; };
		5B40054522C53FE8005AABB6 /* BanditCreature.swift in Sources */ = {isa = PBXBuildFile; fileRef = 5B40054422C53FE8005AABB6 /* BanditCreature.swift */; };
		5B40054722C54069005AABB6 /* FireballSpell.swift in Sources */ = {isa = PBXBuildFile; fileRef = 5B40054622C54069005AABB6 /* FireballSpell.swift */; };
		5B40054922C541AE005AABB6 /* HealSpell.swift in Sources */ = {isa = PBXBuildFile; fileRef = 5B40054822C541AE005AABB6 /* HealSpell.swift */; };
		5B40054B22C55E1C005AABB6 /* BackstabSpell.swift in Sources */ = {isa = PBXBuildFile; fileRef = 5B40054A22C55E1C005AABB6 /* BackstabSpell.swift */; };
		5B40054D22C565C5005AABB6 /* TakingAimSpell.swift in Sources */ = {isa = PBXBuildFile; fileRef = 5B40054C22C565C5005AABB6 /* TakingAimSpell.swift */; };
		5B40054F22C56698005AABB6 /* FanOfKnivesSpell.swift in Sources */ = {isa = PBXBuildFile; fileRef = 5B40054E22C56698005AABB6 /* FanOfKnivesSpell.swift */; };
		5B40055522C58EFD005AABB6 /* AssassinateSpell.swift in Sources */ = {isa = PBXBuildFile; fileRef = 5B40055422C58EFD005AABB6 /* AssassinateSpell.swift */; };
		5B40055922C5903F005AABB6 /* MassRecallSpell.swift in Sources */ = {isa = PBXBuildFile; fileRef = 5B40055822C5903F005AABB6 /* MassRecallSpell.swift */; };
		5B40055B22C59220005AABB6 /* DoubleDrawSpell.swift in Sources */ = {isa = PBXBuildFile; fileRef = 5B40055A22C59220005AABB6 /* DoubleDrawSpell.swift */; };
		5B40055D22C59383005AABB6 /* WhateverItWillBeSpell.swift in Sources */ = {isa = PBXBuildFile; fileRef = 5B40055C22C59383005AABB6 /* WhateverItWillBeSpell.swift */; };
		5B40055F22C59719005AABB6 /* BerserkSpell.swift in Sources */ = {isa = PBXBuildFile; fileRef = 5B40055E22C59719005AABB6 /* BerserkSpell.swift */; };
		5B40056122C59AFA005AABB6 /* MagicStormSpell.swift in Sources */ = {isa = PBXBuildFile; fileRef = 5B40056022C59AFA005AABB6 /* MagicStormSpell.swift */; };
		5B40056322C59C73005AABB6 /* WaitAnimation.swift in Sources */ = {isa = PBXBuildFile; fileRef = 5B40056222C59C73005AABB6 /* WaitAnimation.swift */; };
		5B40056522C59F7B005AABB6 /* RecklessAssaultSpell.swift in Sources */ = {isa = PBXBuildFile; fileRef = 5B40056422C59F7B005AABB6 /* RecklessAssaultSpell.swift */; };
		5B40056722C61434005AABB6 /* WhipSpell.swift in Sources */ = {isa = PBXBuildFile; fileRef = 5B40056622C61434005AABB6 /* WhipSpell.swift */; };
		5B40056922C62FFB005AABB6 /* EmpathySpell.swift in Sources */ = {isa = PBXBuildFile; fileRef = 5B40056822C62FFB005AABB6 /* EmpathySpell.swift */; };
		5B4C3494228536C1007D1E38 /* YletiaPirateCreature.swift in Sources */ = {isa = PBXBuildFile; fileRef = 5B4C3493228536C1007D1E38 /* YletiaPirateCreature.swift */; };
		5B4F7E792287D0FE00252113 /* Player.swift in Sources */ = {isa = PBXBuildFile; fileRef = 5B4F7E782287D0FE00252113 /* Player.swift */; };
		5B51A17A227C537200111234 /* Spot.swift in Sources */ = {isa = PBXBuildFile; fileRef = 5B51A179227C537200111234 /* Spot.swift */; };
		5B65EC0422BAB6BB00576F85 /* DecreaseCooldownAnimation.swift in Sources */ = {isa = PBXBuildFile; fileRef = 5B65EC0322BAB6BB00576F85 /* DecreaseCooldownAnimation.swift */; };
		5B669F3D2049B4BF00DC2760 /* NotOnlyDamageSpells.json in Resources */ = {isa = PBXBuildFile; fileRef = 5B669F3C2049B4BF00DC2760 /* NotOnlyDamageSpells.json */; };
		5B66CE4E204BF6560047A9DC /* StatLabel.swift in Sources */ = {isa = PBXBuildFile; fileRef = 5B66CE4D204BF6560047A9DC /* StatLabel.swift */; };
		5B66CE50204BFEDD0047A9DC /* DamageLabel.swift in Sources */ = {isa = PBXBuildFile; fileRef = 5B66CE4F204BFEDD0047A9DC /* DamageLabel.swift */; };
		5B6FCB1D22BE44DE00E189DD /* DrawCardAnimation.swift in Sources */ = {isa = PBXBuildFile; fileRef = 5B6FCB1C22BE44DE00E189DD /* DrawCardAnimation.swift */; };
		5B6FCB1F22BE471600E189DD /* CardSprite.swift in Sources */ = {isa = PBXBuildFile; fileRef = 5B6FCB1E22BE471600E189DD /* CardSprite.swift */; };
		5B7E2D18203E9D420026B445 /* AnimationPipeline.swift in Sources */ = {isa = PBXBuildFile; fileRef = 5B7E2D17203E9D420026B445 /* AnimationPipeline.swift */; };
		5B7E2D1A203EB7B20026B445 /* Animation.swift in Sources */ = {isa = PBXBuildFile; fileRef = 5B7E2D19203EB7B20026B445 /* Animation.swift */; };
		5B7E2D1D203EB7D30026B445 /* AttackAnimation.swift in Sources */ = {isa = PBXBuildFile; fileRef = 5B7E2D1C203EB7D30026B445 /* AttackAnimation.swift */; };
		5B9484C722C4F26700FA413C /* Interactives.swift in Sources */ = {isa = PBXBuildFile; fileRef = 5B9484C622C4F26700FA413C /* Interactives.swift */; };
		5B9E8CCD229C7E9A00A4BE18 /* Spots.swift in Sources */ = {isa = PBXBuildFile; fileRef = 5B9E8CCC229C7E9A00A4BE18 /* Spots.swift */; };
		5BA1E8E322C631A900B9C2C2 /* AngerSpell.swift in Sources */ = {isa = PBXBuildFile; fileRef = 5BA1E8E222C631A900B9C2C2 /* AngerSpell.swift */; };
		5BA1E8E522C6377900B9C2C2 /* TomeOfIntelligenceSpell.swift in Sources */ = {isa = PBXBuildFile; fileRef = 5BA1E8E422C6377900B9C2C2 /* TomeOfIntelligenceSpell.swift */; };
		5BA1E8E722C63BB300B9C2C2 /* ReplaceAbilityAnimation.swift in Sources */ = {isa = PBXBuildFile; fileRef = 5BA1E8E622C63BB300B9C2C2 /* ReplaceAbilityAnimation.swift */; };
		5BA1E8E922C63E2D00B9C2C2 /* BrawlSpell.swift in Sources */ = {isa = PBXBuildFile; fileRef = 5BA1E8E822C63E2D00B9C2C2 /* BrawlSpell.swift */; };
		5BA1E8EB22C678B400B9C2C2 /* HexSpell.swift in Sources */ = {isa = PBXBuildFile; fileRef = 5BA1E8EA22C678B400B9C2C2 /* HexSpell.swift */; };
		5BA1E8ED22C67D7600B9C2C2 /* HolyLightSpell.swift in Sources */ = {isa = PBXBuildFile; fileRef = 5BA1E8EC22C67D7600B9C2C2 /* HolyLightSpell.swift */; };
		5BA1E8EF22C67FE900B9C2C2 /* ChainLightningSpell.swift in Sources */ = {isa = PBXBuildFile; fileRef = 5BA1E8EE22C67FE900B9C2C2 /* ChainLightningSpell.swift */; };
		5BA1E8F122C68AA900B9C2C2 /* CallOfBattleSpell.swift in Sources */ = {isa = PBXBuildFile; fileRef = 5BA1E8F022C68AA900B9C2C2 /* CallOfBattleSpell.swift */; };
		5BA1E8F322C68E1600B9C2C2 /* LesserDestuctionSpell.swift in Sources */ = {isa = PBXBuildFile; fileRef = 5BA1E8F222C68E1600B9C2C2 /* LesserDestuctionSpell.swift */; };
		5BA1E8F522C6C5FC00B9C2C2 /* MindControlSpell.swift in Sources */ = {isa = PBXBuildFile; fileRef = 5BA1E8F422C6C5FC00B9C2C2 /* MindControlSpell.swift */; };
		5BA1E8F722C6D49E00B9C2C2 /* InnerStrengthSpell.swift in Sources */ = {isa = PBXBuildFile; fileRef = 5BA1E8F622C6D49E00B9C2C2 /* InnerStrengthSpell.swift */; };
		5BA1E8FF22C78EA300B9C2C2 /* InnerFireSpell.swift in Sources */ = {isa = PBXBuildFile; fileRef = 5BA1E8FE22C78EA300B9C2C2 /* InnerFireSpell.swift */; };
		5BA1E90122C791EA00B9C2C2 /* SilenceSpell.swift in Sources */ = {isa = PBXBuildFile; fileRef = 5BA1E90022C791EA00B9C2C2 /* SilenceSpell.swift */; };
		5BA1E90422C81FF900B9C2C2 /* MassHysteriaSpell.swift in Sources */ = {isa = PBXBuildFile; fileRef = 5BA1E90322C81FF900B9C2C2 /* MassHysteriaSpell.swift */; };
		5BA1E90622C82BCD00B9C2C2 /* StaggerAnimation.swift in Sources */ = {isa = PBXBuildFile; fileRef = 5BA1E90522C82BCD00B9C2C2 /* StaggerAnimation.swift */; };
		5BA1E90B22C8457F00B9C2C2 /* PassButton.swift in Sources */ = {isa = PBXBuildFile; fileRef = 5BA1E90A22C8457E00B9C2C2 /* PassButton.swift */; };
		5BAC4312227E0ED500D15CA9 /* UIColor.swift in Sources */ = {isa = PBXBuildFile; fileRef = 5BAC4311227E0ED500D15CA9 /* UIColor.swift */; };
		5BBF0F14228C09550071E9F7 /* TurnAnnouncerSprite.swift in Sources */ = {isa = PBXBuildFile; fileRef = 5BBF0F13228C09550071E9F7 /* TurnAnnouncerSprite.swift */; };
		5BBF0F18228D13DE0071E9F7 /* AnnouncerAnimation.swift in Sources */ = {isa = PBXBuildFile; fileRef = 5BBF0F17228D13DE0071E9F7 /* AnnouncerAnimation.swift */; };
		5BBF0F1A228ED5620071E9F7 /* AbilityLabel.swift in Sources */ = {isa = PBXBuildFile; fileRef = 5BBF0F19228ED5620071E9F7 /* AbilityLabel.swift */; };
		5BCA6F0C2038911000B81376 /* AppDelegate.swift in Sources */ = {isa = PBXBuildFile; fileRef = 5BCA6F0B2038911000B81376 /* AppDelegate.swift */; };
		5BCA6F122038911000B81376 /* BattleScene.swift in Sources */ = {isa = PBXBuildFile; fileRef = 5BCA6F112038911000B81376 /* BattleScene.swift */; };
		5BCA6F142038911000B81376 /* GameViewController.swift in Sources */ = {isa = PBXBuildFile; fileRef = 5BCA6F132038911000B81376 /* GameViewController.swift */; };
		5BCA6F172038911000B81376 /* Main.storyboard in Resources */ = {isa = PBXBuildFile; fileRef = 5BCA6F152038911000B81376 /* Main.storyboard */; };
		5BCA6F192038911000B81376 /* Assets.xcassets in Resources */ = {isa = PBXBuildFile; fileRef = 5BCA6F182038911000B81376 /* Assets.xcassets */; };
		5BCA6F1C2038911000B81376 /* LaunchScreen.storyboard in Resources */ = {isa = PBXBuildFile; fileRef = 5BCA6F1A2038911000B81376 /* LaunchScreen.storyboard */; };
		5BCA6F2A2039EE2300B81376 /* Creature.swift in Sources */ = {isa = PBXBuildFile; fileRef = 5BCA6F292039EE2300B81376 /* Creature.swift */; };
		5BCA6F2C203A283200B81376 /* Card.swift in Sources */ = {isa = PBXBuildFile; fileRef = 5BCA6F2B203A283200B81376 /* Card.swift */; };
		5BCA6F2E203A2AB400B81376 /* CreatureCard.swift in Sources */ = {isa = PBXBuildFile; fileRef = 5BCA6F2D203A2AB400B81376 /* CreatureCard.swift */; };
		5BDF3834229F6DCF0094EEC2 /* Interactive.swift in Sources */ = {isa = PBXBuildFile; fileRef = 5BDF3833229F6DCF0094EEC2 /* Interactive.swift */; };
		5BE0B0B4204F0F29009DA26E /* Battle.swift in Sources */ = {isa = PBXBuildFile; fileRef = 5BE0B0B3204F0F29009DA26E /* Battle.swift */; };
		5BE0B0B9204F3884009DA26E /* VitalizationSpell.swift in Sources */ = {isa = PBXBuildFile; fileRef = 5BE0B0B8204F3884009DA26E /* VitalizationSpell.swift */; };
		5BE0B0C420504BBE009DA26E /* HarmlessAffairSpell.swift in Sources */ = {isa = PBXBuildFile; fileRef = 5BE0B0C320504BBE009DA26E /* HarmlessAffairSpell.swift */; };
		5BE0B0C6205050D8009DA26E /* RecallSpell.swift in Sources */ = {isa = PBXBuildFile; fileRef = 5BE0B0C5205050D8009DA26E /* RecallSpell.swift */; };
		5BE889DB229704B2002B628F /* SKAction.swift in Sources */ = {isa = PBXBuildFile; fileRef = 5BE889DA229704B2002B628F /* SKAction.swift */; };
/* End PBXBuildFile section */

/* Begin PBXContainerItemProxy section */
		5B3FE3F522807A1900470A5F /* PBXContainerItemProxy */ = {
			isa = PBXContainerItemProxy;
			containerPortal = 5BCA6F002038911000B81376 /* Project object */;
			proxyType = 1;
			remoteGlobalIDString = 5BCA6F072038911000B81376;
			remoteInfo = Uniq;
		};
/* End PBXContainerItemProxy section */

/* Begin PBXFileReference section */
		5B11821022C8746D007D963A /* SetExhaustionAnimation.swift */ = {isa = PBXFileReference; fileEncoding = 4; lastKnownFileType = sourcecode.swift; path = SetExhaustionAnimation.swift; sourceTree = "<group>"; };
		5B11821222C8888E007D963A /* RecallAnimation.swift */ = {isa = PBXFileReference; lastKnownFileType = sourcecode.swift; path = RecallAnimation.swift; sourceTree = "<group>"; };
		5B11821422C89374007D963A /* SecretAdvantageSpell.swift */ = {isa = PBXFileReference; lastKnownFileType = sourcecode.swift; path = SecretAdvantageSpell.swift; sourceTree = "<group>"; };
		5B11821622C8BB28007D963A /* BuffCardStatAnimation.swift */ = {isa = PBXFileReference; lastKnownFileType = sourcecode.swift; path = BuffCardStatAnimation.swift; sourceTree = "<group>"; };
		5B11821822C927A6007D963A /* MirrorImageSpell.swift */ = {isa = PBXFileReference; lastKnownFileType = sourcecode.swift; path = MirrorImageSpell.swift; sourceTree = "<group>"; };
		5B19083322B2600900CE8121 /* DamageAnimation.swift */ = {isa = PBXFileReference; lastKnownFileType = sourcecode.swift; path = DamageAnimation.swift; sourceTree = "<group>"; };
		5B19083522B2760E00CE8121 /* CreatureSprite.swift */ = {isa = PBXFileReference; lastKnownFileType = sourcecode.swift; path = CreatureSprite.swift; sourceTree = "<group>"; };
		5B19083722B282A300CE8121 /* SummonAnimation.swift */ = {isa = PBXFileReference; lastKnownFileType = sourcecode.swift; path = SummonAnimation.swift; sourceTree = "<group>"; };
		5B19083B22B3527D00CE8121 /* PassiveAbility.swift */ = {isa = PBXFileReference; lastKnownFileType = sourcecode.swift; path = PassiveAbility.swift; sourceTree = "<group>"; };
		5B19083D22B3A13B00CE8121 /* BattleEvent.swift */ = {isa = PBXFileReference; lastKnownFileType = sourcecode.swift; path = BattleEvent.swift; sourceTree = "<group>"; };
		5B19084122B4DAB600CE8121 /* DeathAnimation.swift */ = {isa = PBXFileReference; lastKnownFileType = sourcecode.swift; path = DeathAnimation.swift; sourceTree = "<group>"; };
		5B19084322B696A700CE8121 /* RetreatAnimation.swift */ = {isa = PBXFileReference; lastKnownFileType = sourcecode.swift; path = RetreatAnimation.swift; sourceTree = "<group>"; };
		5B19084522B6A01400CE8121 /* SwapResponseAnimation.swift */ = {isa = PBXFileReference; lastKnownFileType = sourcecode.swift; path = SwapResponseAnimation.swift; sourceTree = "<group>"; };
		5B19084822B6C29B00CE8121 /* SwapAnimation.swift */ = {isa = PBXFileReference; lastKnownFileType = sourcecode.swift; path = SwapAnimation.swift; sourceTree = "<group>"; };
		5B1AC399203BB01200F3B921 /* HandSprite.swift */ = {isa = PBXFileReference; lastKnownFileType = sourcecode.swift; path = HandSprite.swift; sourceTree = "<group>"; };
		5B1AC39B203C435A00F3B921 /* Deck.swift */ = {isa = PBXFileReference; lastKnownFileType = sourcecode.swift; path = Deck.swift; sourceTree = "<group>"; };
		5B253C3A22C365DB00D25927 /* BuffStatAnimation.swift */ = {isa = PBXFileReference; lastKnownFileType = sourcecode.swift; path = BuffStatAnimation.swift; sourceTree = "<group>"; };
		5B2622CA228A64E100DFE0EE /* CardLibrary.swift */ = {isa = PBXFileReference; lastKnownFileType = sourcecode.swift; path = CardLibrary.swift; sourceTree = "<group>"; };
		5B2622CC228A82CE00DFE0EE /* ActiveAbility.swift */ = {isa = PBXFileReference; lastKnownFileType = sourcecode.swift; path = ActiveAbility.swift; sourceTree = "<group>"; };
		5B33A64B204116CF00CF2D76 /* SpellCard.swift */ = {isa = PBXFileReference; lastKnownFileType = sourcecode.swift; path = SpellCard.swift; sourceTree = "<group>"; };
		5B35E5C02051FC1400678A10 /* BountyHunterCreature.swift */ = {isa = PBXFileReference; lastKnownFileType = sourcecode.swift; path = BountyHunterCreature.swift; sourceTree = "<group>"; };
		5B35E5C92056AA4300678A10 /* OldProphetCreature.swift */ = {isa = PBXFileReference; lastKnownFileType = sourcecode.swift; path = OldProphetCreature.swift; sourceTree = "<group>"; };
		5B35E5CB2056AE1A00678A10 /* FireImpCreature.swift */ = {isa = PBXFileReference; lastKnownFileType = sourcecode.swift; path = FireImpCreature.swift; sourceTree = "<group>"; };
		5B35E5CD2056BA6100678A10 /* RoyalAlchemistCreature.swift */ = {isa = PBXFileReference; lastKnownFileType = sourcecode.swift; path = RoyalAlchemistCreature.swift; sourceTree = "<group>"; };
		5B35E5CF2056D14C00678A10 /* FirelinkPriestCreature.swift */ = {isa = PBXFileReference; lastKnownFileType = sourcecode.swift; path = FirelinkPriestCreature.swift; sourceTree = "<group>"; };
		5B35E5D12056D92C00678A10 /* MysticLancerCreature.swift */ = {isa = PBXFileReference; lastKnownFileType = sourcecode.swift; path = MysticLancerCreature.swift; sourceTree = "<group>"; };
		5B35E5D32057034E00678A10 /* WitchCreature.swift */ = {isa = PBXFileReference; lastKnownFileType = sourcecode.swift; path = WitchCreature.swift; sourceTree = "<group>"; };
		5B3A29C422C00E1100CF1AE1 /* SpellCardSprite.swift */ = {isa = PBXFileReference; lastKnownFileType = sourcecode.swift; path = SpellCardSprite.swift; sourceTree = "<group>"; };
		5B3A29C622C00E4000CF1AE1 /* CreatureCardSprite.swift */ = {isa = PBXFileReference; lastKnownFileType = sourcecode.swift; path = CreatureCardSprite.swift; sourceTree = "<group>"; };
		5B3A29C922C1648900CF1AE1 /* DiscardCardAnimation.swift */ = {isa = PBXFileReference; lastKnownFileType = sourcecode.swift; path = DiscardCardAnimation.swift; sourceTree = "<group>"; };
		5B3A29CB22C1994B00CF1AE1 /* RepositionHandAnimation.swift */ = {isa = PBXFileReference; lastKnownFileType = sourcecode.swift; path = RepositionHandAnimation.swift; sourceTree = "<group>"; };
		5B3A29D422C28DC200CF1AE1 /* ResetCooldownAnimation.swift */ = {isa = PBXFileReference; lastKnownFileType = sourcecode.swift; path = ResetCooldownAnimation.swift; sourceTree = "<group>"; };
		5B3FE3F022807A1900470A5F /* UniqTests.xctest */ = {isa = PBXFileReference; explicitFileType = wrapper.cfbundle; includeInIndex = 0; path = UniqTests.xctest; sourceTree = BUILT_PRODUCTS_DIR; };
		5B3FE3F222807A1900470A5F /* UniqTests.swift */ = {isa = PBXFileReference; lastKnownFileType = sourcecode.swift; path = UniqTests.swift; sourceTree = "<group>"; };
		5B3FE3F422807A1900470A5F /* Info.plist */ = {isa = PBXFileReference; lastKnownFileType = text.plist.xml; path = Info.plist; sourceTree = "<group>"; };
		5B40054022C53C85005AABB6 /* FairyCreature.swift */ = {isa = PBXFileReference; lastKnownFileType = sourcecode.swift; path = FairyCreature.swift; sourceTree = "<group>"; };
		5B40054222C53EC7005AABB6 /* ThugCreature.swift */ = {isa = PBXFileReference; lastKnownFileType = sourcecode.swift; path = ThugCreature.swift; sourceTree = "<group>"; };
		5B40054422C53FE8005AABB6 /* BanditCreature.swift */ = {isa = PBXFileReference; lastKnownFileType = sourcecode.swift; path = BanditCreature.swift; sourceTree = "<group>"; };
		5B40054622C54069005AABB6 /* FireballSpell.swift */ = {isa = PBXFileReference; lastKnownFileType = sourcecode.swift; path = FireballSpell.swift; sourceTree = "<group>"; };
		5B40054822C541AE005AABB6 /* HealSpell.swift */ = {isa = PBXFileReference; lastKnownFileType = sourcecode.swift; path = HealSpell.swift; sourceTree = "<group>"; };
		5B40054A22C55E1C005AABB6 /* BackstabSpell.swift */ = {isa = PBXFileReference; lastKnownFileType = sourcecode.swift; path = BackstabSpell.swift; sourceTree = "<group>"; };
		5B40054C22C565C5005AABB6 /* TakingAimSpell.swift */ = {isa = PBXFileReference; lastKnownFileType = sourcecode.swift; path = TakingAimSpell.swift; sourceTree = "<group>"; };
		5B40054E22C56698005AABB6 /* FanOfKnivesSpell.swift */ = {isa = PBXFileReference; lastKnownFileType = sourcecode.swift; path = FanOfKnivesSpell.swift; sourceTree = "<group>"; };
		5B40055422C58EFD005AABB6 /* AssassinateSpell.swift */ = {isa = PBXFileReference; lastKnownFileType = sourcecode.swift; path = AssassinateSpell.swift; sourceTree = "<group>"; };
		5B40055822C5903F005AABB6 /* MassRecallSpell.swift */ = {isa = PBXFileReference; lastKnownFileType = sourcecode.swift; path = MassRecallSpell.swift; sourceTree = "<group>"; };
		5B40055A22C59220005AABB6 /* DoubleDrawSpell.swift */ = {isa = PBXFileReference; lastKnownFileType = sourcecode.swift; path = DoubleDrawSpell.swift; sourceTree = "<group>"; };
		5B40055C22C59383005AABB6 /* WhateverItWillBeSpell.swift */ = {isa = PBXFileReference; lastKnownFileType = sourcecode.swift; path = WhateverItWillBeSpell.swift; sourceTree = "<group>"; };
		5B40055E22C59719005AABB6 /* BerserkSpell.swift */ = {isa = PBXFileReference; lastKnownFileType = sourcecode.swift; path = BerserkSpell.swift; sourceTree = "<group>"; };
		5B40056022C59AFA005AABB6 /* MagicStormSpell.swift */ = {isa = PBXFileReference; lastKnownFileType = sourcecode.swift; path = MagicStormSpell.swift; sourceTree = "<group>"; };
		5B40056222C59C73005AABB6 /* WaitAnimation.swift */ = {isa = PBXFileReference; lastKnownFileType = sourcecode.swift; path = WaitAnimation.swift; sourceTree = "<group>"; };
		5B40056422C59F7B005AABB6 /* RecklessAssaultSpell.swift */ = {isa = PBXFileReference; lastKnownFileType = sourcecode.swift; path = RecklessAssaultSpell.swift; sourceTree = "<group>"; };
		5B40056622C61434005AABB6 /* WhipSpell.swift */ = {isa = PBXFileReference; lastKnownFileType = sourcecode.swift; path = WhipSpell.swift; sourceTree = "<group>"; };
		5B40056822C62FFB005AABB6 /* EmpathySpell.swift */ = {isa = PBXFileReference; lastKnownFileType = sourcecode.swift; path = EmpathySpell.swift; sourceTree = "<group>"; };
		5B4C3493228536C1007D1E38 /* YletiaPirateCreature.swift */ = {isa = PBXFileReference; lastKnownFileType = sourcecode.swift; path = YletiaPirateCreature.swift; sourceTree = "<group>"; };
		5B4F7E782287D0FE00252113 /* Player.swift */ = {isa = PBXFileReference; lastKnownFileType = sourcecode.swift; path = Player.swift; sourceTree = "<group>"; };
		5B51A179227C537200111234 /* Spot.swift */ = {isa = PBXFileReference; lastKnownFileType = sourcecode.swift; path = Spot.swift; sourceTree = "<group>"; };
		5B65EC0322BAB6BB00576F85 /* DecreaseCooldownAnimation.swift */ = {isa = PBXFileReference; lastKnownFileType = sourcecode.swift; path = DecreaseCooldownAnimation.swift; sourceTree = "<group>"; };
		5B669F3C2049B4BF00DC2760 /* NotOnlyDamageSpells.json */ = {isa = PBXFileReference; lastKnownFileType = text.json; path = NotOnlyDamageSpells.json; sourceTree = "<group>"; };
		5B66CE4D204BF6560047A9DC /* StatLabel.swift */ = {isa = PBXFileReference; lastKnownFileType = sourcecode.swift; path = StatLabel.swift; sourceTree = "<group>"; };
		5B66CE4F204BFEDD0047A9DC /* DamageLabel.swift */ = {isa = PBXFileReference; lastKnownFileType = sourcecode.swift; path = DamageLabel.swift; sourceTree = "<group>"; };
		5B6FCB1C22BE44DE00E189DD /* DrawCardAnimation.swift */ = {isa = PBXFileReference; lastKnownFileType = sourcecode.swift; path = DrawCardAnimation.swift; sourceTree = "<group>"; };
		5B6FCB1E22BE471600E189DD /* CardSprite.swift */ = {isa = PBXFileReference; lastKnownFileType = sourcecode.swift; path = CardSprite.swift; sourceTree = "<group>"; };
		5B7E2D17203E9D420026B445 /* AnimationPipeline.swift */ = {isa = PBXFileReference; lastKnownFileType = sourcecode.swift; path = AnimationPipeline.swift; sourceTree = "<group>"; };
		5B7E2D19203EB7B20026B445 /* Animation.swift */ = {isa = PBXFileReference; lastKnownFileType = sourcecode.swift; path = Animation.swift; sourceTree = "<group>"; };
		5B7E2D1C203EB7D30026B445 /* AttackAnimation.swift */ = {isa = PBXFileReference; lastKnownFileType = sourcecode.swift; path = AttackAnimation.swift; sourceTree = "<group>"; };
		5B9484C622C4F26700FA413C /* Interactives.swift */ = {isa = PBXFileReference; lastKnownFileType = sourcecode.swift; path = Interactives.swift; sourceTree = "<group>"; };
		5B9E8CCC229C7E9A00A4BE18 /* Spots.swift */ = {isa = PBXFileReference; lastKnownFileType = sourcecode.swift; path = Spots.swift; sourceTree = "<group>"; };
		5BA1E8E222C631A900B9C2C2 /* AngerSpell.swift */ = {isa = PBXFileReference; lastKnownFileType = sourcecode.swift; path = AngerSpell.swift; sourceTree = "<group>"; };
		5BA1E8E422C6377900B9C2C2 /* TomeOfIntelligenceSpell.swift */ = {isa = PBXFileReference; lastKnownFileType = sourcecode.swift; path = TomeOfIntelligenceSpell.swift; sourceTree = "<group>"; };
		5BA1E8E622C63BB300B9C2C2 /* ReplaceAbilityAnimation.swift */ = {isa = PBXFileReference; lastKnownFileType = sourcecode.swift; path = ReplaceAbilityAnimation.swift; sourceTree = "<group>"; };
		5BA1E8E822C63E2D00B9C2C2 /* BrawlSpell.swift */ = {isa = PBXFileReference; lastKnownFileType = sourcecode.swift; path = BrawlSpell.swift; sourceTree = "<group>"; };
		5BA1E8EA22C678B400B9C2C2 /* HexSpell.swift */ = {isa = PBXFileReference; lastKnownFileType = sourcecode.swift; path = HexSpell.swift; sourceTree = "<group>"; };
		5BA1E8EC22C67D7600B9C2C2 /* HolyLightSpell.swift */ = {isa = PBXFileReference; lastKnownFileType = sourcecode.swift; path = HolyLightSpell.swift; sourceTree = "<group>"; };
		5BA1E8EE22C67FE900B9C2C2 /* ChainLightningSpell.swift */ = {isa = PBXFileReference; lastKnownFileType = sourcecode.swift; path = ChainLightningSpell.swift; sourceTree = "<group>"; };
		5BA1E8F022C68AA900B9C2C2 /* CallOfBattleSpell.swift */ = {isa = PBXFileReference; lastKnownFileType = sourcecode.swift; path = CallOfBattleSpell.swift; sourceTree = "<group>"; };
		5BA1E8F222C68E1600B9C2C2 /* LesserDestuctionSpell.swift */ = {isa = PBXFileReference; lastKnownFileType = sourcecode.swift; path = LesserDestuctionSpell.swift; sourceTree = "<group>"; };
		5BA1E8F422C6C5FC00B9C2C2 /* MindControlSpell.swift */ = {isa = PBXFileReference; lastKnownFileType = sourcecode.swift; path = MindControlSpell.swift; sourceTree = "<group>"; };
		5BA1E8F622C6D49E00B9C2C2 /* InnerStrengthSpell.swift */ = {isa = PBXFileReference; lastKnownFileType = sourcecode.swift; path = InnerStrengthSpell.swift; sourceTree = "<group>"; };
		5BA1E8FE22C78EA300B9C2C2 /* InnerFireSpell.swift */ = {isa = PBXFileReference; lastKnownFileType = sourcecode.swift; path = InnerFireSpell.swift; sourceTree = "<group>"; };
		5BA1E90022C791EA00B9C2C2 /* SilenceSpell.swift */ = {isa = PBXFileReference; lastKnownFileType = sourcecode.swift; path = SilenceSpell.swift; sourceTree = "<group>"; };
		5BA1E90322C81FF900B9C2C2 /* MassHysteriaSpell.swift */ = {isa = PBXFileReference; lastKnownFileType = sourcecode.swift; path = MassHysteriaSpell.swift; sourceTree = "<group>"; };
		5BA1E90522C82BCD00B9C2C2 /* StaggerAnimation.swift */ = {isa = PBXFileReference; lastKnownFileType = sourcecode.swift; path = StaggerAnimation.swift; sourceTree = "<group>"; };
		5BA1E90A22C8457E00B9C2C2 /* PassButton.swift */ = {isa = PBXFileReference; fileEncoding = 4; lastKnownFileType = sourcecode.swift; path = PassButton.swift; sourceTree = "<group>"; };
		5BAC4311227E0ED500D15CA9 /* UIColor.swift */ = {isa = PBXFileReference; lastKnownFileType = sourcecode.swift; path = UIColor.swift; sourceTree = "<group>"; };
		5BBF0F13228C09550071E9F7 /* TurnAnnouncerSprite.swift */ = {isa = PBXFileReference; lastKnownFileType = sourcecode.swift; path = TurnAnnouncerSprite.swift; sourceTree = "<group>"; };
		5BBF0F17228D13DE0071E9F7 /* AnnouncerAnimation.swift */ = {isa = PBXFileReference; lastKnownFileType = sourcecode.swift; path = AnnouncerAnimation.swift; sourceTree = "<group>"; };
		5BBF0F19228ED5620071E9F7 /* AbilityLabel.swift */ = {isa = PBXFileReference; lastKnownFileType = sourcecode.swift; path = AbilityLabel.swift; sourceTree = "<group>"; };
		5BCA6F082038911000B81376 /* Uniq.app */ = {isa = PBXFileReference; explicitFileType = wrapper.application; includeInIndex = 0; path = Uniq.app; sourceTree = BUILT_PRODUCTS_DIR; };
		5BCA6F0B2038911000B81376 /* AppDelegate.swift */ = {isa = PBXFileReference; lastKnownFileType = sourcecode.swift; path = AppDelegate.swift; sourceTree = "<group>"; };
		5BCA6F112038911000B81376 /* BattleScene.swift */ = {isa = PBXFileReference; lastKnownFileType = sourcecode.swift; path = BattleScene.swift; sourceTree = "<group>"; };
		5BCA6F132038911000B81376 /* GameViewController.swift */ = {isa = PBXFileReference; lastKnownFileType = sourcecode.swift; path = GameViewController.swift; sourceTree = "<group>"; };
		5BCA6F162038911000B81376 /* Base */ = {isa = PBXFileReference; lastKnownFileType = file.storyboard; name = Base; path = Base.lproj/Main.storyboard; sourceTree = "<group>"; };
		5BCA6F182038911000B81376 /* Assets.xcassets */ = {isa = PBXFileReference; lastKnownFileType = folder.assetcatalog; path = Assets.xcassets; sourceTree = "<group>"; };
		5BCA6F1B2038911000B81376 /* Base */ = {isa = PBXFileReference; lastKnownFileType = file.storyboard; name = Base; path = Base.lproj/LaunchScreen.storyboard; sourceTree = "<group>"; };
		5BCA6F1D2038911000B81376 /* Info.plist */ = {isa = PBXFileReference; lastKnownFileType = text.plist.xml; path = Info.plist; sourceTree = "<group>"; };
		5BCA6F292039EE2300B81376 /* Creature.swift */ = {isa = PBXFileReference; lastKnownFileType = sourcecode.swift; path = Creature.swift; sourceTree = "<group>"; };
		5BCA6F2B203A283200B81376 /* Card.swift */ = {isa = PBXFileReference; lastKnownFileType = sourcecode.swift; path = Card.swift; sourceTree = "<group>"; };
		5BCA6F2D203A2AB400B81376 /* CreatureCard.swift */ = {isa = PBXFileReference; lastKnownFileType = sourcecode.swift; path = CreatureCard.swift; sourceTree = "<group>"; };
		5BDF3833229F6DCF0094EEC2 /* Interactive.swift */ = {isa = PBXFileReference; lastKnownFileType = sourcecode.swift; path = Interactive.swift; sourceTree = "<group>"; };
		5BE0B0B3204F0F29009DA26E /* Battle.swift */ = {isa = PBXFileReference; lastKnownFileType = sourcecode.swift; path = Battle.swift; sourceTree = "<group>"; };
		5BE0B0B8204F3884009DA26E /* VitalizationSpell.swift */ = {isa = PBXFileReference; lastKnownFileType = sourcecode.swift; path = VitalizationSpell.swift; sourceTree = "<group>"; };
		5BE0B0C320504BBE009DA26E /* HarmlessAffairSpell.swift */ = {isa = PBXFileReference; lastKnownFileType = sourcecode.swift; path = HarmlessAffairSpell.swift; sourceTree = "<group>"; };
		5BE0B0C5205050D8009DA26E /* RecallSpell.swift */ = {isa = PBXFileReference; lastKnownFileType = sourcecode.swift; path = RecallSpell.swift; sourceTree = "<group>"; };
		5BE889DA229704B2002B628F /* SKAction.swift */ = {isa = PBXFileReference; lastKnownFileType = sourcecode.swift; path = SKAction.swift; sourceTree = "<group>"; };
/* End PBXFileReference section */

/* Begin PBXFrameworksBuildPhase section */
		5B3FE3ED22807A1900470A5F /* Frameworks */ = {
			isa = PBXFrameworksBuildPhase;
			buildActionMask = 2147483647;
			files = (
			);
			runOnlyForDeploymentPostprocessing = 0;
		};
		5BCA6F052038911000B81376 /* Frameworks */ = {
			isa = PBXFrameworksBuildPhase;
			buildActionMask = 2147483647;
			files = (
			);
			runOnlyForDeploymentPostprocessing = 0;
		};
/* End PBXFrameworksBuildPhase section */

/* Begin PBXGroup section */
		5B116F832051A47500396C0F /* Creature */ = {
			isa = PBXGroup;
			children = (
				5BCA6F292039EE2300B81376 /* Creature.swift */,
				5B19083522B2760E00CE8121 /* CreatureSprite.swift */,
			);
			path = Creature;
			sourceTree = "<group>";
		};
		5B116F852051A4AA00396C0F /* Labels */ = {
			isa = PBXGroup;
			children = (
				5B66CE4D204BF6560047A9DC /* StatLabel.swift */,
				5BBF0F19228ED5620071E9F7 /* AbilityLabel.swift */,
				5B66CE4F204BFEDD0047A9DC /* DamageLabel.swift */,
			);
			path = Labels;
			sourceTree = "<group>";
		};
		5B1AC39D203C612900F3B921 /* Decks */ = {
			isa = PBXGroup;
			children = (
				5B669F3C2049B4BF00DC2760 /* NotOnlyDamageSpells.json */,
			);
			path = Decks;
			sourceTree = "<group>";
		};
		5B35E5BF2051FB1500678A10 /* Creatures */ = {
			isa = PBXGroup;
			children = (
				5B4C3493228536C1007D1E38 /* YletiaPirateCreature.swift */,
				5B35E5CF2056D14C00678A10 /* FirelinkPriestCreature.swift */,
				5B40054022C53C85005AABB6 /* FairyCreature.swift */,
				5B40054222C53EC7005AABB6 /* ThugCreature.swift */,
				5B40054422C53FE8005AABB6 /* BanditCreature.swift */,
				5B35E5C02051FC1400678A10 /* BountyHunterCreature.swift */,
				5B35E5CD2056BA6100678A10 /* RoyalAlchemistCreature.swift */,
				5B35E5C92056AA4300678A10 /* OldProphetCreature.swift */,
				5B35E5CB2056AE1A00678A10 /* FireImpCreature.swift */,
				5B35E5D12056D92C00678A10 /* MysticLancerCreature.swift */,
				5B35E5D32057034E00678A10 /* WitchCreature.swift */,
			);
			path = Creatures;
			sourceTree = "<group>";
		};
		5B3A29CE22C1995600CF1AE1 /* Cards */ = {
			isa = PBXGroup;
			children = (
				5B6FCB1C22BE44DE00E189DD /* DrawCardAnimation.swift */,
				5B3A29C922C1648900CF1AE1 /* DiscardCardAnimation.swift */,
				5B3A29CB22C1994B00CF1AE1 /* RepositionHandAnimation.swift */,
				5B11821622C8BB28007D963A /* BuffCardStatAnimation.swift */,
			);
			path = Cards;
			sourceTree = "<group>";
		};
		5B3A29CF22C1996300CF1AE1 /* Creatures */ = {
			isa = PBXGroup;
			children = (
				5B19083722B282A300CE8121 /* SummonAnimation.swift */,
				5B253C3A22C365DB00D25927 /* BuffStatAnimation.swift */,
				5B11821022C8746D007D963A /* SetExhaustionAnimation.swift */,
				5BA1E90922C82C0900B9C2C2 /* Swap */,
				5BA1E90722C82BED00B9C2C2 /* Attack */,
				5BA1E90822C82BFD00B9C2C2 /* Ability */,
			);
			path = Creatures;
			sourceTree = "<group>";
		};
		5B3FE3F122807A1900470A5F /* UniqTests */ = {
			isa = PBXGroup;
			children = (
				5B3FE3F222807A1900470A5F /* UniqTests.swift */,
				5B3FE3F422807A1900470A5F /* Info.plist */,
			);
			path = UniqTests;
			sourceTree = "<group>";
		};
		5B40055022C571FD005AABB6 /* Interactive */ = {
			isa = PBXGroup;
			children = (
				5B9484C622C4F26700FA413C /* Interactives.swift */,
				5BDF3833229F6DCF0094EEC2 /* Interactive.swift */,
			);
			path = Interactive;
			sourceTree = "<group>";
		};
		5B40055122C57225005AABB6 /* Spot */ = {
			isa = PBXGroup;
			children = (
				5B9E8CCC229C7E9A00A4BE18 /* Spots.swift */,
				5B51A179227C537200111234 /* Spot.swift */,
			);
			path = Spot;
			sourceTree = "<group>";
		};
		5B40055322C57B17005AABB6 /* Battle */ = {
			isa = PBXGroup;
			children = (
				5BCA6F112038911000B81376 /* BattleScene.swift */,
				5BE0B0B3204F0F29009DA26E /* Battle.swift */,
				5B19083D22B3A13B00CE8121 /* BattleEvent.swift */,
				5B40055022C571FD005AABB6 /* Interactive */,
				5B66CE51204C0A930047A9DC /* Misc */,
				5B40055122C57225005AABB6 /* Spot */,
				5B116F832051A47500396C0F /* Creature */,
				5B116F852051A4AA00396C0F /* Labels */,
			);
			path = Battle;
			sourceTree = "<group>";
		};
		5B66CE51204C0A930047A9DC /* Misc */ = {
			isa = PBXGroup;
			children = (
				5B4F7E782287D0FE00252113 /* Player.swift */,
				5B1AC399203BB01200F3B921 /* HandSprite.swift */,
				5BA1E90A22C8457E00B9C2C2 /* PassButton.swift */,
				5BBF0F13228C09550071E9F7 /* TurnAnnouncerSprite.swift */,
			);
			path = Misc;
			sourceTree = "<group>";
		};
		5B7E2D1B203EB7C20026B445 /* Animation */ = {
			isa = PBXGroup;
			children = (
				5B7E2D17203E9D420026B445 /* AnimationPipeline.swift */,
				5B7E2D19203EB7B20026B445 /* Animation.swift */,
				5BBF0F17228D13DE0071E9F7 /* AnnouncerAnimation.swift */,
				5B40056222C59C73005AABB6 /* WaitAnimation.swift */,
				5B3A29CF22C1996300CF1AE1 /* Creatures */,
				5B3A29CE22C1995600CF1AE1 /* Cards */,
			);
			path = Animation;
			sourceTree = "<group>";
		};
		5B9484C522C4B3C800FA413C /* Sprites */ = {
			isa = PBXGroup;
			children = (
				5B6FCB1E22BE471600E189DD /* CardSprite.swift */,
				5B3A29C422C00E1100CF1AE1 /* SpellCardSprite.swift */,
				5B3A29C622C00E4000CF1AE1 /* CreatureCardSprite.swift */,
			);
			path = Sprites;
			sourceTree = "<group>";
		};
		5B9484C822C5182800FA413C /* Abilities */ = {
			isa = PBXGroup;
			children = (
				5B2622CC228A82CE00DFE0EE /* ActiveAbility.swift */,
				5B19083B22B3527D00CE8121 /* PassiveAbility.swift */,
			);
			path = Abilities;
			sourceTree = "<group>";
		};
		5BA1E90222C7A12000B9C2C2 /* Library */ = {
			isa = PBXGroup;
			children = (
				5B2622CA228A64E100DFE0EE /* CardLibrary.swift */,
				5BE0B0BA204F466C009DA26E /* Spells */,
				5B35E5BF2051FB1500678A10 /* Creatures */,
			);
			path = Library;
			sourceTree = "<group>";
		};
		5BA1E90722C82BED00B9C2C2 /* Attack */ = {
			isa = PBXGroup;
			children = (
				5B19083322B2600900CE8121 /* DamageAnimation.swift */,
				5B7E2D1C203EB7D30026B445 /* AttackAnimation.swift */,
				5B19084322B696A700CE8121 /* RetreatAnimation.swift */,
				5BA1E90522C82BCD00B9C2C2 /* StaggerAnimation.swift */,
				5B19084122B4DAB600CE8121 /* DeathAnimation.swift */,
				5B11821222C8888E007D963A /* RecallAnimation.swift */,
			);
			path = Attack;
			sourceTree = "<group>";
		};
		5BA1E90822C82BFD00B9C2C2 /* Ability */ = {
			isa = PBXGroup;
			children = (
				5B65EC0322BAB6BB00576F85 /* DecreaseCooldownAnimation.swift */,
				5B3A29D422C28DC200CF1AE1 /* ResetCooldownAnimation.swift */,
				5BA1E8E622C63BB300B9C2C2 /* ReplaceAbilityAnimation.swift */,
			);
			path = Ability;
			sourceTree = "<group>";
		};
		5BA1E90922C82C0900B9C2C2 /* Swap */ = {
			isa = PBXGroup;
			children = (
				5B19084822B6C29B00CE8121 /* SwapAnimation.swift */,
				5B19084522B6A01400CE8121 /* SwapResponseAnimation.swift */,
			);
			path = Swap;
			sourceTree = "<group>";
		};
		5BAC4310227E0EA100D15CA9 /* Extensions */ = {
			isa = PBXGroup;
			children = (
				5BAC4311227E0ED500D15CA9 /* UIColor.swift */,
				5BE889DA229704B2002B628F /* SKAction.swift */,
			);
			path = Extensions;
			sourceTree = "<group>";
		};
		5BCA6EFF2038911000B81376 = {
			isa = PBXGroup;
			children = (
				5BCA6F0A2038911000B81376 /* Uniq */,
				5B3FE3F122807A1900470A5F /* UniqTests */,
				5BCA6F092038911000B81376 /* Products */,
			);
			sourceTree = "<group>";
		};
		5BCA6F092038911000B81376 /* Products */ = {
			isa = PBXGroup;
			children = (
				5BCA6F082038911000B81376 /* Uniq.app */,
				5B3FE3F022807A1900470A5F /* UniqTests.xctest */,
			);
			name = Products;
			sourceTree = "<group>";
		};
		5BCA6F0A2038911000B81376 /* Uniq */ = {
			isa = PBXGroup;
			children = (
				5BCA6F0B2038911000B81376 /* AppDelegate.swift */,
				5B40055322C57B17005AABB6 /* Battle */,
				5BCA6F31203B20DC00B81376 /* Card */,
				5B7E2D1B203EB7C20026B445 /* Animation */,
				5B1AC39D203C612900F3B921 /* Decks */,
				5BAC4310227E0EA100D15CA9 /* Extensions */,
				5BCA6F132038911000B81376 /* GameViewController.swift */,
				5BCA6F152038911000B81376 /* Main.storyboard */,
				5BCA6F182038911000B81376 /* Assets.xcassets */,
				5BCA6F1A2038911000B81376 /* LaunchScreen.storyboard */,
				5BCA6F1D2038911000B81376 /* Info.plist */,
			);
			path = Uniq;
			sourceTree = "<group>";
		};
		5BCA6F31203B20DC00B81376 /* Card */ = {
			isa = PBXGroup;
			children = (
				5B1AC39B203C435A00F3B921 /* Deck.swift */,
				5BCA6F2B203A283200B81376 /* Card.swift */,
				5B33A64B204116CF00CF2D76 /* SpellCard.swift */,
				5BCA6F2D203A2AB400B81376 /* CreatureCard.swift */,
				5B9484C522C4B3C800FA413C /* Sprites */,
				5B9484C822C5182800FA413C /* Abilities */,
				5BA1E90222C7A12000B9C2C2 /* Library */,
			);
			path = Card;
			sourceTree = "<group>";
		};
		5BE0B0BA204F466C009DA26E /* Spells */ = {
			isa = PBXGroup;
			children = (
				5BA1E8E222C631A900B9C2C2 /* AngerSpell.swift */,
				5B40055422C58EFD005AABB6 /* AssassinateSpell.swift */,
				5B40054A22C55E1C005AABB6 /* BackstabSpell.swift */,
				5B40055E22C59719005AABB6 /* BerserkSpell.swift */,
				5BA1E8E822C63E2D00B9C2C2 /* BrawlSpell.swift */,
				5BA1E8F022C68AA900B9C2C2 /* CallOfBattleSpell.swift */,
				5BA1E8EE22C67FE900B9C2C2 /* ChainLightningSpell.swift */,
				5B40055A22C59220005AABB6 /* DoubleDrawSpell.swift */,
				5B40056822C62FFB005AABB6 /* EmpathySpell.swift */,
				5B40054E22C56698005AABB6 /* FanOfKnivesSpell.swift */,
				5B40054622C54069005AABB6 /* FireballSpell.swift */,
				5BE0B0C320504BBE009DA26E /* HarmlessAffairSpell.swift */,
				5B40054822C541AE005AABB6 /* HealSpell.swift */,
				5BA1E8EA22C678B400B9C2C2 /* HexSpell.swift */,
				5BA1E8EC22C67D7600B9C2C2 /* HolyLightSpell.swift */,
				5BA1E8FE22C78EA300B9C2C2 /* InnerFireSpell.swift */,
				5BA1E8F622C6D49E00B9C2C2 /* InnerStrengthSpell.swift */,
				5BA1E8F222C68E1600B9C2C2 /* LesserDestuctionSpell.swift */,
				5B40056022C59AFA005AABB6 /* MagicStormSpell.swift */,
				5BA1E90322C81FF900B9C2C2 /* MassHysteriaSpell.swift */,
				5B40055822C5903F005AABB6 /* MassRecallSpell.swift */,
				5BA1E8F422C6C5FC00B9C2C2 /* MindControlSpell.swift */,
				5B11821822C927A6007D963A /* MirrorImageSpell.swift */,
				5BE0B0C5205050D8009DA26E /* RecallSpell.swift */,
				5B40056422C59F7B005AABB6 /* RecklessAssaultSpell.swift */,
				5B11821422C89374007D963A /* SecretAdvantageSpell.swift */,
				5BA1E90022C791EA00B9C2C2 /* SilenceSpell.swift */,
				5B40054C22C565C5005AABB6 /* TakingAimSpell.swift */,
				5BA1E8E422C6377900B9C2C2 /* TomeOfIntelligenceSpell.swift */,
				5BE0B0B8204F3884009DA26E /* VitalizationSpell.swift */,
				5B40055C22C59383005AABB6 /* WhateverItWillBeSpell.swift */,
				5B40056622C61434005AABB6 /* WhipSpell.swift */,
			);
			path = Spells;
			sourceTree = "<group>";
		};
/* End PBXGroup section */

/* Begin PBXNativeTarget section */
		5B3FE3EF22807A1900470A5F /* UniqTests */ = {
			isa = PBXNativeTarget;
			buildConfigurationList = 5B3FE3F722807A1900470A5F /* Build configuration list for PBXNativeTarget "UniqTests" */;
			buildPhases = (
				5B3FE3EC22807A1900470A5F /* Sources */,
				5B3FE3ED22807A1900470A5F /* Frameworks */,
				5B3FE3EE22807A1900470A5F /* Resources */,
			);
			buildRules = (
			);
			dependencies = (
				5B3FE3F622807A1900470A5F /* PBXTargetDependency */,
			);
			name = UniqTests;
			productName = UniqTests;
			productReference = 5B3FE3F022807A1900470A5F /* UniqTests.xctest */;
			productType = "com.apple.product-type.bundle.unit-test";
		};
		5BCA6F072038911000B81376 /* Uniq */ = {
			isa = PBXNativeTarget;
			buildConfigurationList = 5BCA6F202038911000B81376 /* Build configuration list for PBXNativeTarget "Uniq" */;
			buildPhases = (
				5BCA6F042038911000B81376 /* Sources */,
				5BCA6F052038911000B81376 /* Frameworks */,
				5BCA6F062038911000B81376 /* Resources */,
			);
			buildRules = (
			);
			dependencies = (
			);
			name = Uniq;
			productName = Uniq;
			productReference = 5BCA6F082038911000B81376 /* Uniq.app */;
			productType = "com.apple.product-type.application";
		};
/* End PBXNativeTarget section */

/* Begin PBXProject section */
		5BCA6F002038911000B81376 /* Project object */ = {
			isa = PBXProject;
			attributes = {
				LastSwiftUpdateCheck = 1020;
				LastUpgradeCheck = 1020;
				ORGANIZATIONNAME = "Steven Gusev";
				TargetAttributes = {
					5B3FE3EF22807A1900470A5F = {
						CreatedOnToolsVersion = 10.2.1;
						ProvisioningStyle = Automatic;
						TestTargetID = 5BCA6F072038911000B81376;
					};
					5BCA6F072038911000B81376 = {
						CreatedOnToolsVersion = 9.2;
						ProvisioningStyle = Automatic;
					};
				};
			};
			buildConfigurationList = 5BCA6F032038911000B81376 /* Build configuration list for PBXProject "Uniq" */;
			compatibilityVersion = "Xcode 8.0";
			developmentRegion = en;
			hasScannedForEncodings = 0;
			knownRegions = (
				en,
				Base,
			);
			mainGroup = 5BCA6EFF2038911000B81376;
			productRefGroup = 5BCA6F092038911000B81376 /* Products */;
			projectDirPath = "";
			projectRoot = "";
			targets = (
				5BCA6F072038911000B81376 /* Uniq */,
				5B3FE3EF22807A1900470A5F /* UniqTests */,
			);
		};
/* End PBXProject section */

/* Begin PBXResourcesBuildPhase section */
		5B3FE3EE22807A1900470A5F /* Resources */ = {
			isa = PBXResourcesBuildPhase;
			buildActionMask = 2147483647;
			files = (
			);
			runOnlyForDeploymentPostprocessing = 0;
		};
		5BCA6F062038911000B81376 /* Resources */ = {
			isa = PBXResourcesBuildPhase;
			buildActionMask = 2147483647;
			files = (
				5BCA6F172038911000B81376 /* Main.storyboard in Resources */,
				5BCA6F192038911000B81376 /* Assets.xcassets in Resources */,
				5BCA6F1C2038911000B81376 /* LaunchScreen.storyboard in Resources */,
				5B669F3D2049B4BF00DC2760 /* NotOnlyDamageSpells.json in Resources */,
			);
			runOnlyForDeploymentPostprocessing = 0;
		};
/* End PBXResourcesBuildPhase section */

/* Begin PBXSourcesBuildPhase section */
		5B3FE3EC22807A1900470A5F /* Sources */ = {
			isa = PBXSourcesBuildPhase;
			buildActionMask = 2147483647;
			files = (
				5B3FE3F322807A1900470A5F /* UniqTests.swift in Sources */,
			);
			runOnlyForDeploymentPostprocessing = 0;
		};
		5BCA6F042038911000B81376 /* Sources */ = {
			isa = PBXSourcesBuildPhase;
			buildActionMask = 2147483647;
			files = (
				5B40055522C58EFD005AABB6 /* AssassinateSpell.swift in Sources */,
				5B40054322C53EC7005AABB6 /* ThugCreature.swift in Sources */,
				5B19084222B4DAB600CE8121 /* DeathAnimation.swift in Sources */,
				5B40054922C541AE005AABB6 /* HealSpell.swift in Sources */,
				5B11821522C89374007D963A /* SecretAdvantageSpell.swift in Sources */,
				5B4F7E792287D0FE00252113 /* Player.swift in Sources */,
				5B7E2D18203E9D420026B445 /* AnimationPipeline.swift in Sources */,
				5B1AC39C203C435A00F3B921 /* Deck.swift in Sources */,
				5B40055D22C59383005AABB6 /* WhateverItWillBeSpell.swift in Sources */,
				5B1AC39A203BB01200F3B921 /* HandSprite.swift in Sources */,
				5B35E5CE2056BA6100678A10 /* RoyalAlchemistCreature.swift in Sources */,
				5B51A17A227C537200111234 /* Spot.swift in Sources */,
				5B35E5D02056D14C00678A10 /* FirelinkPriestCreature.swift in Sources */,
				5BBF0F18228D13DE0071E9F7 /* AnnouncerAnimation.swift in Sources */,
				5B2622CB228A64E100DFE0EE /* CardLibrary.swift in Sources */,
				5B40056922C62FFB005AABB6 /* EmpathySpell.swift in Sources */,
				5BA1E8F322C68E1600B9C2C2 /* LesserDestuctionSpell.swift in Sources */,
				5B19083C22B3527D00CE8121 /* PassiveAbility.swift in Sources */,
				5B3A29D522C28DC200CF1AE1 /* ResetCooldownAnimation.swift in Sources */,
				5BA1E8E722C63BB300B9C2C2 /* ReplaceAbilityAnimation.swift in Sources */,
				5BE0B0C420504BBE009DA26E /* HarmlessAffairSpell.swift in Sources */,
				5B19084622B6A01400CE8121 /* SwapResponseAnimation.swift in Sources */,
				5B6FCB1F22BE471600E189DD /* CardSprite.swift in Sources */,
				5B11821722C8BB28007D963A /* BuffCardStatAnimation.swift in Sources */,
				5BBF0F14228C09550071E9F7 /* TurnAnnouncerSprite.swift in Sources */,
				5B19083422B2600900CE8121 /* DamageAnimation.swift in Sources */,
				5BE0B0B9204F3884009DA26E /* VitalizationSpell.swift in Sources */,
				5B4C3494228536C1007D1E38 /* YletiaPirateCreature.swift in Sources */,
				5B35E5CC2056AE1A00678A10 /* FireImpCreature.swift in Sources */,
				5B35E5CA2056AA4300678A10 /* OldProphetCreature.swift in Sources */,
				5B66CE4E204BF6560047A9DC /* StatLabel.swift in Sources */,
				5B2622CD228A82CE00DFE0EE /* ActiveAbility.swift in Sources */,
				5B19083E22B3A13B00CE8121 /* BattleEvent.swift in Sources */,
				5B9E8CCD229C7E9A00A4BE18 /* Spots.swift in Sources */,
				5B35E5D42057034E00678A10 /* WitchCreature.swift in Sources */,
				5BE0B0B4204F0F29009DA26E /* Battle.swift in Sources */,
				5BAC4312227E0ED500D15CA9 /* UIColor.swift in Sources */,
				5BCA6F122038911000B81376 /* BattleScene.swift in Sources */,
				5BBF0F1A228ED5620071E9F7 /* AbilityLabel.swift in Sources */,
				5BA1E8F722C6D49E00B9C2C2 /* InnerStrengthSpell.swift in Sources */,
				5BDF3834229F6DCF0094EEC2 /* Interactive.swift in Sources */,
				5B7E2D1D203EB7D30026B445 /* AttackAnimation.swift in Sources */,
				5B3A29C722C00E4000CF1AE1 /* CreatureCardSprite.swift in Sources */,
				5B40054F22C56698005AABB6 /* FanOfKnivesSpell.swift in Sources */,
				5B35E5C12051FC1400678A10 /* BountyHunterCreature.swift in Sources */,
				5BA1E90122C791EA00B9C2C2 /* SilenceSpell.swift in Sources */,
				5B40055F22C59719005AABB6 /* BerserkSpell.swift in Sources */,
				5B40054122C53C85005AABB6 /* FairyCreature.swift in Sources */,
				5BCA6F2A2039EE2300B81376 /* Creature.swift in Sources */,
				5B3A29CA22C1648900CF1AE1 /* DiscardCardAnimation.swift in Sources */,
				5B35E5D22056D92C00678A10 /* MysticLancerCreature.swift in Sources */,
				5BA1E8EF22C67FE900B9C2C2 /* ChainLightningSpell.swift in Sources */,
				5B40054B22C55E1C005AABB6 /* BackstabSpell.swift in Sources */,
				5B40054522C53FE8005AABB6 /* BanditCreature.swift in Sources */,
				5B19083822B282A300CE8121 /* SummonAnimation.swift in Sources */,
				5BA1E90422C81FF900B9C2C2 /* MassHysteriaSpell.swift in Sources */,
				5B65EC0422BAB6BB00576F85 /* DecreaseCooldownAnimation.swift in Sources */,
				5BA1E8EB22C678B400B9C2C2 /* HexSpell.swift in Sources */,
				5B40054722C54069005AABB6 /* FireballSpell.swift in Sources */,
				5BCA6F2C203A283200B81376 /* Card.swift in Sources */,
				5B3A29CC22C1994B00CF1AE1 /* RepositionHandAnimation.swift in Sources */,
				5B11821322C8888E007D963A /* RecallAnimation.swift in Sources */,
				5B40055B22C59220005AABB6 /* DoubleDrawSpell.swift in Sources */,
				5BCA6F2E203A2AB400B81376 /* CreatureCard.swift in Sources */,
				5BA1E8E322C631A900B9C2C2 /* AngerSpell.swift in Sources */,
				5B40055922C5903F005AABB6 /* MassRecallSpell.swift in Sources */,
				5BA1E8F122C68AA900B9C2C2 /* CallOfBattleSpell.swift in Sources */,
				5B19084922B6C29B00CE8121 /* SwapAnimation.swift in Sources */,
				5B33A64C204116CF00CF2D76 /* SpellCard.swift in Sources */,
				5B3A29C522C00E1100CF1AE1 /* SpellCardSprite.swift in Sources */,
				5B6FCB1D22BE44DE00E189DD /* DrawCardAnimation.swift in Sources */,
				5BA1E8F522C6C5FC00B9C2C2 /* MindControlSpell.swift in Sources */,
				5B66CE50204BFEDD0047A9DC /* DamageLabel.swift in Sources */,
				5BA1E8E522C6377900B9C2C2 /* TomeOfIntelligenceSpell.swift in Sources */,
				5B40056722C61434005AABB6 /* WhipSpell.swift in Sources */,
				5BA1E90B22C8457F00B9C2C2 /* PassButton.swift in Sources */,
				5BE0B0C6205050D8009DA26E /* RecallSpell.swift in Sources */,
				5BCA6F142038911000B81376 /* GameViewController.swift in Sources */,
				5B11821122C8746E007D963A /* SetExhaustionAnimation.swift in Sources */,
				5B19083622B2760E00CE8121 /* CreatureSprite.swift in Sources */,
				5B40054D22C565C5005AABB6 /* TakingAimSpell.swift in Sources */,
				5B40056522C59F7B005AABB6 /* RecklessAssaultSpell.swift in Sources */,
				5B9484C722C4F26700FA413C /* Interactives.swift in Sources */,
				5BA1E8E922C63E2D00B9C2C2 /* BrawlSpell.swift in Sources */,
				5BA1E90622C82BCD00B9C2C2 /* StaggerAnimation.swift in Sources */,
				5B7E2D1A203EB7B20026B445 /* Animation.swift in Sources */,
				5B19084422B696A700CE8121 /* RetreatAnimation.swift in Sources */,
				5BA1E8FF22C78EA300B9C2C2 /* InnerFireSpell.swift in Sources */,
				5B40056122C59AFA005AABB6 /* MagicStormSpell.swift in Sources */,
				5B253C3B22C365DB00D25927 /* BuffStatAnimation.swift in Sources */,
				5BA1E8ED22C67D7600B9C2C2 /* HolyLightSpell.swift in Sources */,
				5BCA6F0C2038911000B81376 /* AppDelegate.swift in Sources */,
				5BE889DB229704B2002B628F /* SKAction.swift in Sources */,
				5B40056322C59C73005AABB6 /* WaitAnimation.swift in Sources */,
				5B11821922C927A6007D963A /* MirrorImageSpell.swift in Sources */,
			);
			runOnlyForDeploymentPostprocessing = 0;
		};
/* End PBXSourcesBuildPhase section */

/* Begin PBXTargetDependency section */
		5B3FE3F622807A1900470A5F /* PBXTargetDependency */ = {
			isa = PBXTargetDependency;
			target = 5BCA6F072038911000B81376 /* Uniq */;
			targetProxy = 5B3FE3F522807A1900470A5F /* PBXContainerItemProxy */;
		};
/* End PBXTargetDependency section */

/* Begin PBXVariantGroup section */
		5BCA6F152038911000B81376 /* Main.storyboard */ = {
			isa = PBXVariantGroup;
			children = (
				5BCA6F162038911000B81376 /* Base */,
			);
			name = Main.storyboard;
			sourceTree = "<group>";
		};
		5BCA6F1A2038911000B81376 /* LaunchScreen.storyboard */ = {
			isa = PBXVariantGroup;
			children = (
				5BCA6F1B2038911000B81376 /* Base */,
			);
			name = LaunchScreen.storyboard;
			sourceTree = "<group>";
		};
/* End PBXVariantGroup section */

/* Begin XCBuildConfiguration section */
		5B3FE3F822807A1900470A5F /* Debug */ = {
			isa = XCBuildConfiguration;
			buildSettings = {
				BUNDLE_LOADER = "$(TEST_HOST)";
				CLANG_ENABLE_OBJC_WEAK = YES;
				CLANG_WARN_DEPRECATED_OBJC_IMPLEMENTATIONS = YES;
				CLANG_WARN_OBJC_IMPLICIT_RETAIN_SELF = YES;
				CODE_SIGN_STYLE = Automatic;
				DEVELOPMENT_TEAM = 45WA72GCPL;
				INFOPLIST_FILE = UniqTests/Info.plist;
				IPHONEOS_DEPLOYMENT_TARGET = 12.2;
				LD_RUNPATH_SEARCH_PATHS = "$(inherited) @executable_path/Frameworks @loader_path/Frameworks";
				MTL_ENABLE_DEBUG_INFO = INCLUDE_SOURCE;
				MTL_FAST_MATH = YES;
				PRODUCT_BUNDLE_IDENTIFIER = pure.UniqTests;
				PRODUCT_NAME = "$(TARGET_NAME)";
				SWIFT_VERSION = 5.0;
				TARGETED_DEVICE_FAMILY = "1,2";
				TEST_HOST = "$(BUILT_PRODUCTS_DIR)/Uniq.app/Uniq";
			};
			name = Debug;
		};
		5B3FE3F922807A1900470A5F /* Release */ = {
			isa = XCBuildConfiguration;
			buildSettings = {
				BUNDLE_LOADER = "$(TEST_HOST)";
				CLANG_ENABLE_OBJC_WEAK = YES;
				CLANG_WARN_DEPRECATED_OBJC_IMPLEMENTATIONS = YES;
				CLANG_WARN_OBJC_IMPLICIT_RETAIN_SELF = YES;
				CODE_SIGN_STYLE = Automatic;
				DEVELOPMENT_TEAM = 45WA72GCPL;
				INFOPLIST_FILE = UniqTests/Info.plist;
				IPHONEOS_DEPLOYMENT_TARGET = 12.2;
				LD_RUNPATH_SEARCH_PATHS = "$(inherited) @executable_path/Frameworks @loader_path/Frameworks";
				MTL_FAST_MATH = YES;
				PRODUCT_BUNDLE_IDENTIFIER = pure.UniqTests;
				PRODUCT_NAME = "$(TARGET_NAME)";
				SWIFT_VERSION = 5.0;
				TARGETED_DEVICE_FAMILY = "1,2";
				TEST_HOST = "$(BUILT_PRODUCTS_DIR)/Uniq.app/Uniq";
			};
			name = Release;
		};
		5BCA6F1E2038911000B81376 /* Debug */ = {
			isa = XCBuildConfiguration;
			buildSettings = {
				ALWAYS_SEARCH_USER_PATHS = NO;
				CLANG_ANALYZER_NONNULL = YES;
				CLANG_ANALYZER_NUMBER_OBJECT_CONVERSION = YES_AGGRESSIVE;
				CLANG_CXX_LANGUAGE_STANDARD = "gnu++14";
				CLANG_CXX_LIBRARY = "libc++";
				CLANG_ENABLE_MODULES = YES;
				CLANG_ENABLE_OBJC_ARC = YES;
				CLANG_WARN_BLOCK_CAPTURE_AUTORELEASING = YES;
				CLANG_WARN_BOOL_CONVERSION = YES;
				CLANG_WARN_COMMA = YES;
				CLANG_WARN_CONSTANT_CONVERSION = YES;
				CLANG_WARN_DEPRECATED_OBJC_IMPLEMENTATIONS = YES;
				CLANG_WARN_DIRECT_OBJC_ISA_USAGE = YES_ERROR;
				CLANG_WARN_DOCUMENTATION_COMMENTS = YES;
				CLANG_WARN_EMPTY_BODY = YES;
				CLANG_WARN_ENUM_CONVERSION = YES;
				CLANG_WARN_INFINITE_RECURSION = YES;
				CLANG_WARN_INT_CONVERSION = YES;
				CLANG_WARN_NON_LITERAL_NULL_CONVERSION = YES;
				CLANG_WARN_OBJC_IMPLICIT_RETAIN_SELF = YES;
				CLANG_WARN_OBJC_LITERAL_CONVERSION = YES;
				CLANG_WARN_OBJC_ROOT_CLASS = YES_ERROR;
				CLANG_WARN_RANGE_LOOP_ANALYSIS = YES;
				CLANG_WARN_STRICT_PROTOTYPES = YES;
				CLANG_WARN_SUSPICIOUS_MOVE = YES;
				CLANG_WARN_UNGUARDED_AVAILABILITY = YES_AGGRESSIVE;
				CLANG_WARN_UNREACHABLE_CODE = YES;
				CLANG_WARN__DUPLICATE_METHOD_MATCH = YES;
				CODE_SIGN_IDENTITY = "iPhone Developer";
				COPY_PHASE_STRIP = NO;
				DEBUG_INFORMATION_FORMAT = dwarf;
				ENABLE_STRICT_OBJC_MSGSEND = YES;
				ENABLE_TESTABILITY = YES;
				GCC_C_LANGUAGE_STANDARD = gnu11;
				GCC_DYNAMIC_NO_PIC = NO;
				GCC_NO_COMMON_BLOCKS = YES;
				GCC_OPTIMIZATION_LEVEL = 0;
				GCC_PREPROCESSOR_DEFINITIONS = (
					"DEBUG=1",
					"$(inherited)",
				);
				GCC_WARN_64_TO_32_BIT_CONVERSION = YES;
				GCC_WARN_ABOUT_RETURN_TYPE = YES_ERROR;
				GCC_WARN_UNDECLARED_SELECTOR = YES;
				GCC_WARN_UNINITIALIZED_AUTOS = YES_AGGRESSIVE;
				GCC_WARN_UNUSED_FUNCTION = YES;
				GCC_WARN_UNUSED_VARIABLE = YES;
				IPHONEOS_DEPLOYMENT_TARGET = 11.2;
				MTL_ENABLE_DEBUG_INFO = YES;
				ONLY_ACTIVE_ARCH = YES;
				SDKROOT = iphoneos;
				SWIFT_ACTIVE_COMPILATION_CONDITIONS = DEBUG;
				SWIFT_OPTIMIZATION_LEVEL = "-Onone";
			};
			name = Debug;
		};
		5BCA6F1F2038911000B81376 /* Release */ = {
			isa = XCBuildConfiguration;
			buildSettings = {
				ALWAYS_SEARCH_USER_PATHS = NO;
				CLANG_ANALYZER_NONNULL = YES;
				CLANG_ANALYZER_NUMBER_OBJECT_CONVERSION = YES_AGGRESSIVE;
				CLANG_CXX_LANGUAGE_STANDARD = "gnu++14";
				CLANG_CXX_LIBRARY = "libc++";
				CLANG_ENABLE_MODULES = YES;
				CLANG_ENABLE_OBJC_ARC = YES;
				CLANG_WARN_BLOCK_CAPTURE_AUTORELEASING = YES;
				CLANG_WARN_BOOL_CONVERSION = YES;
				CLANG_WARN_COMMA = YES;
				CLANG_WARN_CONSTANT_CONVERSION = YES;
				CLANG_WARN_DEPRECATED_OBJC_IMPLEMENTATIONS = YES;
				CLANG_WARN_DIRECT_OBJC_ISA_USAGE = YES_ERROR;
				CLANG_WARN_DOCUMENTATION_COMMENTS = YES;
				CLANG_WARN_EMPTY_BODY = YES;
				CLANG_WARN_ENUM_CONVERSION = YES;
				CLANG_WARN_INFINITE_RECURSION = YES;
				CLANG_WARN_INT_CONVERSION = YES;
				CLANG_WARN_NON_LITERAL_NULL_CONVERSION = YES;
				CLANG_WARN_OBJC_IMPLICIT_RETAIN_SELF = YES;
				CLANG_WARN_OBJC_LITERAL_CONVERSION = YES;
				CLANG_WARN_OBJC_ROOT_CLASS = YES_ERROR;
				CLANG_WARN_RANGE_LOOP_ANALYSIS = YES;
				CLANG_WARN_STRICT_PROTOTYPES = YES;
				CLANG_WARN_SUSPICIOUS_MOVE = YES;
				CLANG_WARN_UNGUARDED_AVAILABILITY = YES_AGGRESSIVE;
				CLANG_WARN_UNREACHABLE_CODE = YES;
				CLANG_WARN__DUPLICATE_METHOD_MATCH = YES;
				CODE_SIGN_IDENTITY = "iPhone Developer";
				COPY_PHASE_STRIP = NO;
				DEBUG_INFORMATION_FORMAT = "dwarf-with-dsym";
				ENABLE_NS_ASSERTIONS = NO;
				ENABLE_STRICT_OBJC_MSGSEND = YES;
				GCC_C_LANGUAGE_STANDARD = gnu11;
				GCC_NO_COMMON_BLOCKS = YES;
				GCC_WARN_64_TO_32_BIT_CONVERSION = YES;
				GCC_WARN_ABOUT_RETURN_TYPE = YES_ERROR;
				GCC_WARN_UNDECLARED_SELECTOR = YES;
				GCC_WARN_UNINITIALIZED_AUTOS = YES_AGGRESSIVE;
				GCC_WARN_UNUSED_FUNCTION = YES;
				GCC_WARN_UNUSED_VARIABLE = YES;
				IPHONEOS_DEPLOYMENT_TARGET = 11.2;
				MTL_ENABLE_DEBUG_INFO = NO;
				SDKROOT = iphoneos;
				SWIFT_OPTIMIZATION_LEVEL = "-Owholemodule";
				VALIDATE_PRODUCT = YES;
			};
			name = Release;
		};
		5BCA6F212038911000B81376 /* Debug */ = {
			isa = XCBuildConfiguration;
			buildSettings = {
				ASSETCATALOG_COMPILER_APPICON_NAME = AppIcon;
				CODE_SIGN_STYLE = Automatic;
				DEVELOPMENT_TEAM = 45WA72GCPL;
				INFOPLIST_FILE = Uniq/Info.plist;
				LD_RUNPATH_SEARCH_PATHS = "$(inherited) @executable_path/Frameworks";
				PRODUCT_BUNDLE_IDENTIFIER = pure.Uniq;
				PRODUCT_NAME = "$(TARGET_NAME)";
				SWIFT_VERSION = 5.0;
				TARGETED_DEVICE_FAMILY = "1,2";
			};
			name = Debug;
		};
		5BCA6F222038911000B81376 /* Release */ = {
			isa = XCBuildConfiguration;
			buildSettings = {
				ASSETCATALOG_COMPILER_APPICON_NAME = AppIcon;
				CODE_SIGN_STYLE = Automatic;
				DEVELOPMENT_TEAM = 45WA72GCPL;
				INFOPLIST_FILE = Uniq/Info.plist;
				LD_RUNPATH_SEARCH_PATHS = "$(inherited) @executable_path/Frameworks";
				PRODUCT_BUNDLE_IDENTIFIER = pure.Uniq;
				PRODUCT_NAME = "$(TARGET_NAME)";
				SWIFT_VERSION = 5.0;
				TARGETED_DEVICE_FAMILY = "1,2";
			};
			name = Release;
		};
/* End XCBuildConfiguration section */

/* Begin XCConfigurationList section */
		5B3FE3F722807A1900470A5F /* Build configuration list for PBXNativeTarget "UniqTests" */ = {
			isa = XCConfigurationList;
			buildConfigurations = (
				5B3FE3F822807A1900470A5F /* Debug */,
				5B3FE3F922807A1900470A5F /* Release */,
			);
			defaultConfigurationIsVisible = 0;
			defaultConfigurationName = Release;
		};
		5BCA6F032038911000B81376 /* Build configuration list for PBXProject "Uniq" */ = {
			isa = XCConfigurationList;
			buildConfigurations = (
				5BCA6F1E2038911000B81376 /* Debug */,
				5BCA6F1F2038911000B81376 /* Release */,
			);
			defaultConfigurationIsVisible = 0;
			defaultConfigurationName = Release;
		};
		5BCA6F202038911000B81376 /* Build configuration list for PBXNativeTarget "Uniq" */ = {
			isa = XCConfigurationList;
			buildConfigurations = (
				5BCA6F212038911000B81376 /* Debug */,
				5BCA6F222038911000B81376 /* Release */,
			);
			defaultConfigurationIsVisible = 0;
			defaultConfigurationName = Release;
		};
/* End XCConfigurationList section */
	};
	rootObject = 5BCA6F002038911000B81376 /* Project object */;
}
