// !$*UTF8*$!
{
	archiveVersion = 1;
	classes = {
	};
	objectVersion = 48;
	objects = {

/* Begin PBXBuildFile section */
		5B11822222C98313007D963A /* OnSummonAbility.swift in Sources */ = {isa = PBXBuildFile; fileRef = 5B11822122C98313007D963A /* OnSummonAbility.swift */; };
		5B19083622B2760E00CE8121 /* CreatureSprite.swift in Sources */ = {isa = PBXBuildFile; fileRef = 5B19083522B2760E00CE8121 /* CreatureSprite.swift */; };
		5B19083822B282A300CE8121 /* SummonAnimation.swift in Sources */ = {isa = PBXBuildFile; fileRef = 5B19083722B282A300CE8121 /* SummonAnimation.swift */; };
		5B19083C22B3527D00CE8121 /* PassiveAbility.swift in Sources */ = {isa = PBXBuildFile; fileRef = 5B19083B22B3527D00CE8121 /* PassiveAbility.swift */; };
		5B1AC39A203BB01200F3B921 /* HandSprite.swift in Sources */ = {isa = PBXBuildFile; fileRef = 5B1AC399203BB01200F3B921 /* HandSprite.swift */; };
		5B1AC39C203C435A00F3B921 /* Deck.swift in Sources */ = {isa = PBXBuildFile; fileRef = 5B1AC39B203C435A00F3B921 /* Deck.swift */; };
		5B2622CB228A64E100DFE0EE /* CardLibrary.swift in Sources */ = {isa = PBXBuildFile; fileRef = 5B2622CA228A64E100DFE0EE /* CardLibrary.swift */; };
		5B2622CD228A82CE00DFE0EE /* ActiveAbility.swift in Sources */ = {isa = PBXBuildFile; fileRef = 5B2622CC228A82CE00DFE0EE /* ActiveAbility.swift */; };
		5B2AD8B922D265840082F6D1 /* AbilityButton.swift in Sources */ = {isa = PBXBuildFile; fileRef = 5B2AD8B822D265840082F6D1 /* AbilityButton.swift */; };
		5B2AD8BB22D2D31F0082F6D1 /* AbilitiesList.swift in Sources */ = {isa = PBXBuildFile; fileRef = 5B2AD8BA22D2D31F0082F6D1 /* AbilitiesList.swift */; };
		5B2AD8C322D377560082F6D1 /* Formation.swift in Sources */ = {isa = PBXBuildFile; fileRef = 5B2AD8C222D377560082F6D1 /* Formation.swift */; };
		5B2AD8C522D379D10082F6D1 /* BattleSprite.swift in Sources */ = {isa = PBXBuildFile; fileRef = 5B2AD8C422D379D10082F6D1 /* BattleSprite.swift */; };
		5B2AD8C722D4F9B60082F6D1 /* FairyCreature.swift in Sources */ = {isa = PBXBuildFile; fileRef = 5B2AD8C622D4F9B60082F6D1 /* FairyCreature.swift */; };
		5B2AD8CB22D595FD0082F6D1 /* ActionsPanel.swift in Sources */ = {isa = PBXBuildFile; fileRef = 5B2AD8CA22D595FD0082F6D1 /* ActionsPanel.swift */; };
		5B2AD8CD22D597C70082F6D1 /* ActionsPanels.swift in Sources */ = {isa = PBXBuildFile; fileRef = 5B2AD8CC22D597C70082F6D1 /* ActionsPanels.swift */; };
		5B2AD8CF22D5BBB10082F6D1 /* AttackAbility.swift in Sources */ = {isa = PBXBuildFile; fileRef = 5B2AD8CE22D5BBB10082F6D1 /* AttackAbility.swift */; };
		5B2AD8D322D5F7BA0082F6D1 /* DefendAbility.swift in Sources */ = {isa = PBXBuildFile; fileRef = 5B2AD8D222D5F7BA0082F6D1 /* DefendAbility.swift */; };
		5B2AD8D522D647D10082F6D1 /* BuffAttackAbility.swift in Sources */ = {isa = PBXBuildFile; fileRef = 5B2AD8D422D647D10082F6D1 /* BuffAttackAbility.swift */; };
		5B2AD8D722D6FDB80082F6D1 /* DamageAnimation.swift in Sources */ = {isa = PBXBuildFile; fileRef = 5B2AD8D622D6FDB70082F6D1 /* DamageAnimation.swift */; };
		5B2AD8D922D6FE8A0082F6D1 /* DeathAnimation.swift in Sources */ = {isa = PBXBuildFile; fileRef = 5B2AD8D822D6FE8A0082F6D1 /* DeathAnimation.swift */; };
		5B2AD8DB22D709410082F6D1 /* FormationSprite.swift in Sources */ = {isa = PBXBuildFile; fileRef = 5B2AD8DA22D709410082F6D1 /* FormationSprite.swift */; };
		5B2C920E22DE2AEE00D64332 /* LightbringerCreature.swift in Sources */ = {isa = PBXBuildFile; fileRef = 5B2C920D22DE2AEE00D64332 /* LightbringerCreature.swift */; };
		5B2C921222DE2F6300D64332 /* ShieldAlliesAbility.swift in Sources */ = {isa = PBXBuildFile; fileRef = 5B2C921122DE2F6300D64332 /* ShieldAlliesAbility.swift */; };
		5B2C921422DE313C00D64332 /* BlessingAbility.swift in Sources */ = {isa = PBXBuildFile; fileRef = 5B2C921322DE313C00D64332 /* BlessingAbility.swift */; };
		5B33A64C204116CF00CF2D76 /* SpellCard.swift in Sources */ = {isa = PBXBuildFile; fileRef = 5B33A64B204116CF00CF2D76 /* SpellCard.swift */; };
		5B34E05822D0157600B72A11 /* Hero.swift in Sources */ = {isa = PBXBuildFile; fileRef = 5B34E05722D0157600B72A11 /* Hero.swift */; };
		5B34E05A22D0198700B72A11 /* HeroSprite.swift in Sources */ = {isa = PBXBuildFile; fileRef = 5B34E05922D0198700B72A11 /* HeroSprite.swift */; };
		5B34E05D22D02C4900B72A11 /* Character.swift in Sources */ = {isa = PBXBuildFile; fileRef = 5B34E05C22D02C4900B72A11 /* Character.swift */; };
		5B34E05F22D02DA900B72A11 /* CharacterSprite.swift in Sources */ = {isa = PBXBuildFile; fileRef = 5B34E05E22D02DA900B72A11 /* CharacterSprite.swift */; };
		5B3A29C522C00E1100CF1AE1 /* SpellCardSprite.swift in Sources */ = {isa = PBXBuildFile; fileRef = 5B3A29C422C00E1100CF1AE1 /* SpellCardSprite.swift */; };
		5B3A29C722C00E4000CF1AE1 /* CreatureCardSprite.swift in Sources */ = {isa = PBXBuildFile; fileRef = 5B3A29C622C00E4000CF1AE1 /* CreatureCardSprite.swift */; };
		5B3FE3F322807A1900470A5F /* UniqTests.swift in Sources */ = {isa = PBXBuildFile; fileRef = 5B3FE3F222807A1900470A5F /* UniqTests.swift */; };
		5B40056322C59C73005AABB6 /* WaitAnimation.swift in Sources */ = {isa = PBXBuildFile; fileRef = 5B40056222C59C73005AABB6 /* WaitAnimation.swift */; };
		5B4F7E792287D0FE00252113 /* Player.swift in Sources */ = {isa = PBXBuildFile; fileRef = 5B4F7E782287D0FE00252113 /* Player.swift */; };
		5B669F3D2049B4BF00DC2760 /* NotOnlyDamageSpells.json in Resources */ = {isa = PBXBuildFile; fileRef = 5B669F3C2049B4BF00DC2760 /* NotOnlyDamageSpells.json */; };
		5B66CE4E204BF6560047A9DC /* StatLabel.swift in Sources */ = {isa = PBXBuildFile; fileRef = 5B66CE4D204BF6560047A9DC /* StatLabel.swift */; };
		5B66CE50204BFEDD0047A9DC /* DamageLabel.swift in Sources */ = {isa = PBXBuildFile; fileRef = 5B66CE4F204BFEDD0047A9DC /* DamageLabel.swift */; };
		5B6FCB1F22BE471600E189DD /* CardSprite.swift in Sources */ = {isa = PBXBuildFile; fileRef = 5B6FCB1E22BE471600E189DD /* CardSprite.swift */; };
		5B7E2D18203E9D420026B445 /* AnimationPipeline.swift in Sources */ = {isa = PBXBuildFile; fileRef = 5B7E2D17203E9D420026B445 /* AnimationPipeline.swift */; };
		5B7E2D1A203EB7B20026B445 /* Animation.swift in Sources */ = {isa = PBXBuildFile; fileRef = 5B7E2D19203EB7B20026B445 /* Animation.swift */; };
		5B9484C722C4F26700FA413C /* Interactives.swift in Sources */ = {isa = PBXBuildFile; fileRef = 5B9484C622C4F26700FA413C /* Interactives.swift */; };
		5BA1E90B22C8457F00B9C2C2 /* PassButton.swift in Sources */ = {isa = PBXBuildFile; fileRef = 5BA1E90A22C8457E00B9C2C2 /* PassButton.swift */; };
		5BAB2C5422EE5262008A31EE /* GiveArmorAnimation.swift in Sources */ = {isa = PBXBuildFile; fileRef = 5BAB2C5322EE5262008A31EE /* GiveArmorAnimation.swift */; };
		5BAC4312227E0ED500D15CA9 /* UIColor.swift in Sources */ = {isa = PBXBuildFile; fileRef = 5BAC4311227E0ED500D15CA9 /* UIColor.swift */; };
		5BB9379822EA16B400A135FE /* SKShapeNode.swift in Sources */ = {isa = PBXBuildFile; fileRef = 5BB9379722EA16B400A135FE /* SKShapeNode.swift */; };
		5BBF0F14228C09550071E9F7 /* TurnAnnouncerSprite.swift in Sources */ = {isa = PBXBuildFile; fileRef = 5BBF0F13228C09550071E9F7 /* TurnAnnouncerSprite.swift */; };
		5BBF0F18228D13DE0071E9F7 /* AnnouncerAnimation.swift in Sources */ = {isa = PBXBuildFile; fileRef = 5BBF0F17228D13DE0071E9F7 /* AnnouncerAnimation.swift */; };
		5BBF0F1A228ED5620071E9F7 /* AbilityLabel.swift in Sources */ = {isa = PBXBuildFile; fileRef = 5BBF0F19228ED5620071E9F7 /* AbilityLabel.swift */; };
		5BCA6F0C2038911000B81376 /* AppDelegate.swift in Sources */ = {isa = PBXBuildFile; fileRef = 5BCA6F0B2038911000B81376 /* AppDelegate.swift */; };
		5BCA6F122038911000B81376 /* BattleScene.swift in Sources */ = {isa = PBXBuildFile; fileRef = 5BCA6F112038911000B81376 /* BattleScene.swift */; };
		5BCA6F142038911000B81376 /* GameViewController.swift in Sources */ = {isa = PBXBuildFile; fileRef = 5BCA6F132038911000B81376 /* GameViewController.swift */; };
		5BCA6F172038911000B81376 /* Main.storyboard in Resources */ = {isa = PBXBuildFile; fileRef = 5BCA6F152038911000B81376 /* Main.storyboard */; };
		5BCA6F192038911000B81376 /* Assets.xcassets in Resources */ = {isa = PBXBuildFile; fileRef = 5BCA6F182038911000B81376 /* Assets.xcassets */; };
		5BCA6F1C2038911000B81376 /* LaunchScreen.storyboard in Resources */ = {isa = PBXBuildFile; fileRef = 5BCA6F1A2038911000B81376 /* LaunchScreen.storyboard */; };
		5BCA6F2A2039EE2300B81376 /* Creature.swift in Sources */ = {isa = PBXBuildFile; fileRef = 5BCA6F292039EE2300B81376 /* Creature.swift */; };
		5BCA6F2C203A283200B81376 /* Card.swift in Sources */ = {isa = PBXBuildFile; fileRef = 5BCA6F2B203A283200B81376 /* Card.swift */; };
		5BCA6F2E203A2AB400B81376 /* CreatureCard.swift in Sources */ = {isa = PBXBuildFile; fileRef = 5BCA6F2D203A2AB400B81376 /* CreatureCard.swift */; };
		5BDF3834229F6DCF0094EEC2 /* Interactive.swift in Sources */ = {isa = PBXBuildFile; fileRef = 5BDF3833229F6DCF0094EEC2 /* Interactive.swift */; };
		5BE0B0B4204F0F29009DA26E /* Battle.swift in Sources */ = {isa = PBXBuildFile; fileRef = 5BE0B0B3204F0F29009DA26E /* Battle.swift */; };
		5BE7A48622EB4DAB00F05DD6 /* SetExhaustionAnimation.swift in Sources */ = {isa = PBXBuildFile; fileRef = 5BE7A48522EB4DAB00F05DD6 /* SetExhaustionAnimation.swift */; };
		5BE7A48A22EC407800F05DD6 /* AbilityDescription.swift in Sources */ = {isa = PBXBuildFile; fileRef = 5BE7A48922EC407800F05DD6 /* AbilityDescription.swift */; };
		5BE7A48C22EC717800F05DD6 /* SetAbilityCooldownAnimation.swift in Sources */ = {isa = PBXBuildFile; fileRef = 5BE7A48B22EC717800F05DD6 /* SetAbilityCooldownAnimation.swift */; };
		5BE7A48E22ECD8C000F05DD6 /* HealthLabel.swift in Sources */ = {isa = PBXBuildFile; fileRef = 5BE7A48D22ECD8C000F05DD6 /* HealthLabel.swift */; };
		5BE889DB229704B2002B628F /* SKAction.swift in Sources */ = {isa = PBXBuildFile; fileRef = 5BE889DA229704B2002B628F /* SKAction.swift */; };
/* End PBXBuildFile section */

/* Begin PBXContainerItemProxy section */
		5B3FE3F522807A1900470A5F /* PBXContainerItemProxy */ = {
			isa = PBXContainerItemProxy;
			containerPortal = 5BCA6F002038911000B81376 /* Project object */;
			proxyType = 1;
			remoteGlobalIDString = 5BCA6F072038911000B81376;
			remoteInfo = Uniq;
		};
/* End PBXContainerItemProxy section */

/* Begin PBXFileReference section */
		5B11822122C98313007D963A /* OnSummonAbility.swift */ = {isa = PBXFileReference; lastKnownFileType = sourcecode.swift; path = OnSummonAbility.swift; sourceTree = "<group>"; };
		5B19083522B2760E00CE8121 /* CreatureSprite.swift */ = {isa = PBXFileReference; lastKnownFileType = sourcecode.swift; path = CreatureSprite.swift; sourceTree = "<group>"; };
		5B19083722B282A300CE8121 /* SummonAnimation.swift */ = {isa = PBXFileReference; lastKnownFileType = sourcecode.swift; path = SummonAnimation.swift; sourceTree = "<group>"; };
		5B19083B22B3527D00CE8121 /* PassiveAbility.swift */ = {isa = PBXFileReference; lastKnownFileType = sourcecode.swift; path = PassiveAbility.swift; sourceTree = "<group>"; };
		5B1AC399203BB01200F3B921 /* HandSprite.swift */ = {isa = PBXFileReference; lastKnownFileType = sourcecode.swift; path = HandSprite.swift; sourceTree = "<group>"; };
		5B1AC39B203C435A00F3B921 /* Deck.swift */ = {isa = PBXFileReference; lastKnownFileType = sourcecode.swift; path = Deck.swift; sourceTree = "<group>"; };
		5B2622CA228A64E100DFE0EE /* CardLibrary.swift */ = {isa = PBXFileReference; lastKnownFileType = sourcecode.swift; path = CardLibrary.swift; sourceTree = "<group>"; };
		5B2622CC228A82CE00DFE0EE /* ActiveAbility.swift */ = {isa = PBXFileReference; lastKnownFileType = sourcecode.swift; path = ActiveAbility.swift; sourceTree = "<group>"; };
		5B2AD8B822D265840082F6D1 /* AbilityButton.swift */ = {isa = PBXFileReference; lastKnownFileType = sourcecode.swift; path = AbilityButton.swift; sourceTree = "<group>"; };
		5B2AD8BA22D2D31F0082F6D1 /* AbilitiesList.swift */ = {isa = PBXFileReference; lastKnownFileType = sourcecode.swift; path = AbilitiesList.swift; sourceTree = "<group>"; };
		5B2AD8C222D377560082F6D1 /* Formation.swift */ = {isa = PBXFileReference; lastKnownFileType = sourcecode.swift; path = Formation.swift; sourceTree = "<group>"; };
		5B2AD8C422D379D10082F6D1 /* BattleSprite.swift */ = {isa = PBXFileReference; lastKnownFileType = sourcecode.swift; path = BattleSprite.swift; sourceTree = "<group>"; };
		5B2AD8C622D4F9B60082F6D1 /* FairyCreature.swift */ = {isa = PBXFileReference; fileEncoding = 4; lastKnownFileType = sourcecode.swift; path = FairyCreature.swift; sourceTree = "<group>"; };
		5B2AD8CA22D595FD0082F6D1 /* ActionsPanel.swift */ = {isa = PBXFileReference; lastKnownFileType = sourcecode.swift; path = ActionsPanel.swift; sourceTree = "<group>"; };
		5B2AD8CC22D597C70082F6D1 /* ActionsPanels.swift */ = {isa = PBXFileReference; lastKnownFileType = sourcecode.swift; path = ActionsPanels.swift; sourceTree = "<group>"; };
		5B2AD8CE22D5BBB10082F6D1 /* AttackAbility.swift */ = {isa = PBXFileReference; lastKnownFileType = sourcecode.swift; path = AttackAbility.swift; sourceTree = "<group>"; };
		5B2AD8D222D5F7BA0082F6D1 /* DefendAbility.swift */ = {isa = PBXFileReference; lastKnownFileType = sourcecode.swift; path = DefendAbility.swift; sourceTree = "<group>"; };
		5B2AD8D422D647D10082F6D1 /* BuffAttackAbility.swift */ = {isa = PBXFileReference; lastKnownFileType = sourcecode.swift; path = BuffAttackAbility.swift; sourceTree = "<group>"; };
		5B2AD8D622D6FDB70082F6D1 /* DamageAnimation.swift */ = {isa = PBXFileReference; fileEncoding = 4; lastKnownFileType = sourcecode.swift; path = DamageAnimation.swift; sourceTree = "<group>"; };
		5B2AD8D822D6FE8A0082F6D1 /* DeathAnimation.swift */ = {isa = PBXFileReference; fileEncoding = 4; lastKnownFileType = sourcecode.swift; path = DeathAnimation.swift; sourceTree = "<group>"; };
		5B2AD8DA22D709410082F6D1 /* FormationSprite.swift */ = {isa = PBXFileReference; lastKnownFileType = sourcecode.swift; path = FormationSprite.swift; sourceTree = "<group>"; };
		5B2C920D22DE2AEE00D64332 /* LightbringerCreature.swift */ = {isa = PBXFileReference; lastKnownFileType = sourcecode.swift; path = LightbringerCreature.swift; sourceTree = "<group>"; };
		5B2C921122DE2F6300D64332 /* ShieldAlliesAbility.swift */ = {isa = PBXFileReference; lastKnownFileType = sourcecode.swift; path = ShieldAlliesAbility.swift; sourceTree = "<group>"; };
		5B2C921322DE313C00D64332 /* BlessingAbility.swift */ = {isa = PBXFileReference; lastKnownFileType = sourcecode.swift; path = BlessingAbility.swift; sourceTree = "<group>"; };
		5B33A64B204116CF00CF2D76 /* SpellCard.swift */ = {isa = PBXFileReference; lastKnownFileType = sourcecode.swift; path = SpellCard.swift; sourceTree = "<group>"; };
		5B34E05722D0157600B72A11 /* Hero.swift */ = {isa = PBXFileReference; lastKnownFileType = sourcecode.swift; path = Hero.swift; sourceTree = "<group>"; };
		5B34E05922D0198700B72A11 /* HeroSprite.swift */ = {isa = PBXFileReference; lastKnownFileType = sourcecode.swift; path = HeroSprite.swift; sourceTree = "<group>"; };
		5B34E05C22D02C4900B72A11 /* Character.swift */ = {isa = PBXFileReference; lastKnownFileType = sourcecode.swift; path = Character.swift; sourceTree = "<group>"; };
		5B34E05E22D02DA900B72A11 /* CharacterSprite.swift */ = {isa = PBXFileReference; lastKnownFileType = sourcecode.swift; path = CharacterSprite.swift; sourceTree = "<group>"; };
		5B3A29C422C00E1100CF1AE1 /* SpellCardSprite.swift */ = {isa = PBXFileReference; lastKnownFileType = sourcecode.swift; path = SpellCardSprite.swift; sourceTree = "<group>"; };
		5B3A29C622C00E4000CF1AE1 /* CreatureCardSprite.swift */ = {isa = PBXFileReference; lastKnownFileType = sourcecode.swift; path = CreatureCardSprite.swift; sourceTree = "<group>"; };
		5B3FE3F022807A1900470A5F /* UniqTests.xctest */ = {isa = PBXFileReference; explicitFileType = wrapper.cfbundle; includeInIndex = 0; path = UniqTests.xctest; sourceTree = BUILT_PRODUCTS_DIR; };
		5B3FE3F222807A1900470A5F /* UniqTests.swift */ = {isa = PBXFileReference; lastKnownFileType = sourcecode.swift; path = UniqTests.swift; sourceTree = "<group>"; };
		5B3FE3F422807A1900470A5F /* Info.plist */ = {isa = PBXFileReference; lastKnownFileType = text.plist.xml; path = Info.plist; sourceTree = "<group>"; };
		5B40056222C59C73005AABB6 /* WaitAnimation.swift */ = {isa = PBXFileReference; lastKnownFileType = sourcecode.swift; path = WaitAnimation.swift; sourceTree = "<group>"; };
		5B4F7E782287D0FE00252113 /* Player.swift */ = {isa = PBXFileReference; lastKnownFileType = sourcecode.swift; path = Player.swift; sourceTree = "<group>"; };
		5B669F3C2049B4BF00DC2760 /* NotOnlyDamageSpells.json */ = {isa = PBXFileReference; lastKnownFileType = text.json; path = NotOnlyDamageSpells.json; sourceTree = "<group>"; };
		5B66CE4D204BF6560047A9DC /* StatLabel.swift */ = {isa = PBXFileReference; lastKnownFileType = sourcecode.swift; path = StatLabel.swift; sourceTree = "<group>"; };
		5B66CE4F204BFEDD0047A9DC /* DamageLabel.swift */ = {isa = PBXFileReference; lastKnownFileType = sourcecode.swift; path = DamageLabel.swift; sourceTree = "<group>"; };
		5B6FCB1E22BE471600E189DD /* CardSprite.swift */ = {isa = PBXFileReference; lastKnownFileType = sourcecode.swift; path = CardSprite.swift; sourceTree = "<group>"; };
		5B7E2D17203E9D420026B445 /* AnimationPipeline.swift */ = {isa = PBXFileReference; lastKnownFileType = sourcecode.swift; path = AnimationPipeline.swift; sourceTree = "<group>"; };
		5B7E2D19203EB7B20026B445 /* Animation.swift */ = {isa = PBXFileReference; lastKnownFileType = sourcecode.swift; path = Animation.swift; sourceTree = "<group>"; };
		5B9484C622C4F26700FA413C /* Interactives.swift */ = {isa = PBXFileReference; lastKnownFileType = sourcecode.swift; path = Interactives.swift; sourceTree = "<group>"; };
		5BA1E90A22C8457E00B9C2C2 /* PassButton.swift */ = {isa = PBXFileReference; fileEncoding = 4; lastKnownFileType = sourcecode.swift; path = PassButton.swift; sourceTree = "<group>"; };
		5BAB2C5322EE5262008A31EE /* GiveArmorAnimation.swift */ = {isa = PBXFileReference; lastKnownFileType = sourcecode.swift; path = GiveArmorAnimation.swift; sourceTree = "<group>"; };
		5BAC4311227E0ED500D15CA9 /* UIColor.swift */ = {isa = PBXFileReference; lastKnownFileType = sourcecode.swift; path = UIColor.swift; sourceTree = "<group>"; };
		5BB9379722EA16B400A135FE /* SKShapeNode.swift */ = {isa = PBXFileReference; lastKnownFileType = sourcecode.swift; path = SKShapeNode.swift; sourceTree = "<group>"; };
		5BBF0F13228C09550071E9F7 /* TurnAnnouncerSprite.swift */ = {isa = PBXFileReference; lastKnownFileType = sourcecode.swift; path = TurnAnnouncerSprite.swift; sourceTree = "<group>"; };
		5BBF0F17228D13DE0071E9F7 /* AnnouncerAnimation.swift */ = {isa = PBXFileReference; lastKnownFileType = sourcecode.swift; path = AnnouncerAnimation.swift; sourceTree = "<group>"; };
		5BBF0F19228ED5620071E9F7 /* AbilityLabel.swift */ = {isa = PBXFileReference; lastKnownFileType = sourcecode.swift; path = AbilityLabel.swift; sourceTree = "<group>"; };
		5BCA6F082038911000B81376 /* Uniq.app */ = {isa = PBXFileReference; explicitFileType = wrapper.application; includeInIndex = 0; path = Uniq.app; sourceTree = BUILT_PRODUCTS_DIR; };
		5BCA6F0B2038911000B81376 /* AppDelegate.swift */ = {isa = PBXFileReference; lastKnownFileType = sourcecode.swift; path = AppDelegate.swift; sourceTree = "<group>"; };
		5BCA6F112038911000B81376 /* BattleScene.swift */ = {isa = PBXFileReference; lastKnownFileType = sourcecode.swift; path = BattleScene.swift; sourceTree = "<group>"; };
		5BCA6F132038911000B81376 /* GameViewController.swift */ = {isa = PBXFileReference; lastKnownFileType = sourcecode.swift; path = GameViewController.swift; sourceTree = "<group>"; };
		5BCA6F162038911000B81376 /* Base */ = {isa = PBXFileReference; lastKnownFileType = file.storyboard; name = Base; path = Base.lproj/Main.storyboard; sourceTree = "<group>"; };
		5BCA6F182038911000B81376 /* Assets.xcassets */ = {isa = PBXFileReference; lastKnownFileType = folder.assetcatalog; path = Assets.xcassets; sourceTree = "<group>"; };
		5BCA6F1B2038911000B81376 /* Base */ = {isa = PBXFileReference; lastKnownFileType = file.storyboard; name = Base; path = Base.lproj/LaunchScreen.storyboard; sourceTree = "<group>"; };
		5BCA6F1D2038911000B81376 /* Info.plist */ = {isa = PBXFileReference; lastKnownFileType = text.plist.xml; path = Info.plist; sourceTree = "<group>"; };
		5BCA6F292039EE2300B81376 /* Creature.swift */ = {isa = PBXFileReference; lastKnownFileType = sourcecode.swift; path = Creature.swift; sourceTree = "<group>"; };
		5BCA6F2B203A283200B81376 /* Card.swift */ = {isa = PBXFileReference; lastKnownFileType = sourcecode.swift; path = Card.swift; sourceTree = "<group>"; };
		5BCA6F2D203A2AB400B81376 /* CreatureCard.swift */ = {isa = PBXFileReference; lastKnownFileType = sourcecode.swift; path = CreatureCard.swift; sourceTree = "<group>"; };
		5BDF3833229F6DCF0094EEC2 /* Interactive.swift */ = {isa = PBXFileReference; lastKnownFileType = sourcecode.swift; path = Interactive.swift; sourceTree = "<group>"; };
		5BE0B0B3204F0F29009DA26E /* Battle.swift */ = {isa = PBXFileReference; lastKnownFileType = sourcecode.swift; path = Battle.swift; sourceTree = "<group>"; };
		5BE7A48522EB4DAB00F05DD6 /* SetExhaustionAnimation.swift */ = {isa = PBXFileReference; fileEncoding = 4; lastKnownFileType = sourcecode.swift; path = SetExhaustionAnimation.swift; sourceTree = "<group>"; };
		5BE7A48922EC407800F05DD6 /* AbilityDescription.swift */ = {isa = PBXFileReference; lastKnownFileType = sourcecode.swift; path = AbilityDescription.swift; sourceTree = "<group>"; };
		5BE7A48B22EC717800F05DD6 /* SetAbilityCooldownAnimation.swift */ = {isa = PBXFileReference; lastKnownFileType = sourcecode.swift; path = SetAbilityCooldownAnimation.swift; sourceTree = "<group>"; };
		5BE7A48D22ECD8C000F05DD6 /* HealthLabel.swift */ = {isa = PBXFileReference; lastKnownFileType = sourcecode.swift; path = HealthLabel.swift; sourceTree = "<group>"; };
		5BE889DA229704B2002B628F /* SKAction.swift */ = {isa = PBXFileReference; lastKnownFileType = sourcecode.swift; path = SKAction.swift; sourceTree = "<group>"; };
/* End PBXFileReference section */

/* Begin PBXFrameworksBuildPhase section */
		5B3FE3ED22807A1900470A5F /* Frameworks */ = {
			isa = PBXFrameworksBuildPhase;
			buildActionMask = 2147483647;
			files = (
			);
			runOnlyForDeploymentPostprocessing = 0;
		};
		5BCA6F052038911000B81376 /* Frameworks */ = {
			isa = PBXFrameworksBuildPhase;
			buildActionMask = 2147483647;
			files = (
			);
			runOnlyForDeploymentPostprocessing = 0;
		};
/* End PBXFrameworksBuildPhase section */

/* Begin PBXGroup section */
		5B116F832051A47500396C0F /* Creature */ = {
			isa = PBXGroup;
			children = (
				5BCA6F292039EE2300B81376 /* Creature.swift */,
				5B19083522B2760E00CE8121 /* CreatureSprite.swift */,
				5B2AD8BA22D2D31F0082F6D1 /* AbilitiesList.swift */,
				5B2AD8B822D265840082F6D1 /* AbilityButton.swift */,
				5BE7A48922EC407800F05DD6 /* AbilityDescription.swift */,
			);
			path = Creature;
			sourceTree = "<group>";
		};
		5B116F852051A4AA00396C0F /* Labels */ = {
			isa = PBXGroup;
			children = (
				5B66CE4D204BF6560047A9DC /* StatLabel.swift */,
				5BE7A48D22ECD8C000F05DD6 /* HealthLabel.swift */,
				5BBF0F19228ED5620071E9F7 /* AbilityLabel.swift */,
				5B66CE4F204BFEDD0047A9DC /* DamageLabel.swift */,
			);
			path = Labels;
			sourceTree = "<group>";
		};
		5B1AC39D203C612900F3B921 /* Decks */ = {
			isa = PBXGroup;
			children = (
				5B669F3C2049B4BF00DC2760 /* NotOnlyDamageSpells.json */,
			);
			path = Decks;
			sourceTree = "<group>";
		};
		5B2C920922DE29C400D64332 /* Abilities */ = {
			isa = PBXGroup;
			children = (
				5B2AD8D222D5F7BA0082F6D1 /* DefendAbility.swift */,
				5B2AD8D422D647D10082F6D1 /* BuffAttackAbility.swift */,
			);
			path = Abilities;
			sourceTree = "<group>";
		};
		5B2C920A22DE29F300D64332 /* Creatures */ = {
			isa = PBXGroup;
			children = (
				5B2C920C22DE2A9D00D64332 /* Lightbringer */,
				5B2C920B22DE2A8A00D64332 /* Fairy */,
			);
			path = Creatures;
			sourceTree = "<group>";
		};
		5B2C920B22DE2A8A00D64332 /* Fairy */ = {
			isa = PBXGroup;
			children = (
				5B2AD8C622D4F9B60082F6D1 /* FairyCreature.swift */,
				5B2C920922DE29C400D64332 /* Abilities */,
			);
			path = Fairy;
			sourceTree = "<group>";
		};
		5B2C920C22DE2A9D00D64332 /* Lightbringer */ = {
			isa = PBXGroup;
			children = (
				5B2C920D22DE2AEE00D64332 /* LightbringerCreature.swift */,
				5B2C920F22DE2F2E00D64332 /* Abilities */,
			);
			path = Lightbringer;
			sourceTree = "<group>";
		};
		5B2C920F22DE2F2E00D64332 /* Abilities */ = {
			isa = PBXGroup;
			children = (
				5B2C921122DE2F6300D64332 /* ShieldAlliesAbility.swift */,
				5B2C921322DE313C00D64332 /* BlessingAbility.swift */,
			);
			path = Abilities;
			sourceTree = "<group>";
		};
		5B2C921022DE2F4A00D64332 /* Abilities */ = {
			isa = PBXGroup;
			children = (
				5B2AD8CE22D5BBB10082F6D1 /* AttackAbility.swift */,
			);
			path = Abilities;
			sourceTree = "<group>";
		};
		5B34E05622D0156200B72A11 /* Hero */ = {
			isa = PBXGroup;
			children = (
				5B34E05722D0157600B72A11 /* Hero.swift */,
				5B34E05922D0198700B72A11 /* HeroSprite.swift */,
				5B1AC399203BB01200F3B921 /* HandSprite.swift */,
			);
			path = Hero;
			sourceTree = "<group>";
		};
		5B34E05B22D02C2400B72A11 /* Character */ = {
			isa = PBXGroup;
			children = (
				5B2AD8C222D377560082F6D1 /* Formation.swift */,
				5B2AD8DA22D709410082F6D1 /* FormationSprite.swift */,
				5B34E05C22D02C4900B72A11 /* Character.swift */,
				5B34E05E22D02DA900B72A11 /* CharacterSprite.swift */,
				5B2AD8CA22D595FD0082F6D1 /* ActionsPanel.swift */,
				5B2AD8CC22D597C70082F6D1 /* ActionsPanels.swift */,
				5B34E05622D0156200B72A11 /* Hero */,
				5B116F832051A47500396C0F /* Creature */,
				5B116F852051A4AA00396C0F /* Labels */,
			);
			path = Character;
			sourceTree = "<group>";
		};
		5B3FE3F122807A1900470A5F /* UniqTests */ = {
			isa = PBXGroup;
			children = (
				5B3FE3F222807A1900470A5F /* UniqTests.swift */,
				5B3FE3F422807A1900470A5F /* Info.plist */,
			);
			path = UniqTests;
			sourceTree = "<group>";
		};
		5B40055022C571FD005AABB6 /* Interactive */ = {
			isa = PBXGroup;
			children = (
				5B9484C622C4F26700FA413C /* Interactives.swift */,
				5BDF3833229F6DCF0094EEC2 /* Interactive.swift */,
			);
			path = Interactive;
			sourceTree = "<group>";
		};
		5B40055322C57B17005AABB6 /* Battle */ = {
			isa = PBXGroup;
			children = (
				5BCA6F112038911000B81376 /* BattleScene.swift */,
				5BE0B0B3204F0F29009DA26E /* Battle.swift */,
				5B2AD8C422D379D10082F6D1 /* BattleSprite.swift */,
				5B4F7E782287D0FE00252113 /* Player.swift */,
				5B34E05B22D02C2400B72A11 /* Character */,
				5B40055022C571FD005AABB6 /* Interactive */,
				5B66CE51204C0A930047A9DC /* Misc */,
			);
			path = Battle;
			sourceTree = "<group>";
		};
		5B66CE51204C0A930047A9DC /* Misc */ = {
			isa = PBXGroup;
			children = (
				5BA1E90A22C8457E00B9C2C2 /* PassButton.swift */,
				5BBF0F13228C09550071E9F7 /* TurnAnnouncerSprite.swift */,
			);
			path = Misc;
			sourceTree = "<group>";
		};
		5B7E2D1B203EB7C20026B445 /* Animation */ = {
			isa = PBXGroup;
			children = (
				5B7E2D17203E9D420026B445 /* AnimationPipeline.swift */,
				5B7E2D19203EB7B20026B445 /* Animation.swift */,
				5BAB2C5122EE523E008A31EE /* Battle */,
				5BAB2C5222EE5248008A31EE /* Character */,
			);
			path = Animation;
			sourceTree = "<group>";
		};
		5B9484C522C4B3C800FA413C /* Sprites */ = {
			isa = PBXGroup;
			children = (
				5B6FCB1E22BE471600E189DD /* CardSprite.swift */,
				5B3A29C422C00E1100CF1AE1 /* SpellCardSprite.swift */,
				5B3A29C622C00E4000CF1AE1 /* CreatureCardSprite.swift */,
			);
			path = Sprites;
			sourceTree = "<group>";
		};
		5B9484C822C5182800FA413C /* Abilities */ = {
			isa = PBXGroup;
			children = (
				5B2622CC228A82CE00DFE0EE /* ActiveAbility.swift */,
				5B19083B22B3527D00CE8121 /* PassiveAbility.swift */,
				5B11822122C98313007D963A /* OnSummonAbility.swift */,
			);
			path = Abilities;
			sourceTree = "<group>";
		};
		5BA1E90222C7A12000B9C2C2 /* Library */ = {
			isa = PBXGroup;
			children = (
				5B2622CA228A64E100DFE0EE /* CardLibrary.swift */,
				5B2C921022DE2F4A00D64332 /* Abilities */,
				5B2C920A22DE29F300D64332 /* Creatures */,
			);
			path = Library;
			sourceTree = "<group>";
		};
		5BAB2C5122EE523E008A31EE /* Battle */ = {
			isa = PBXGroup;
			children = (
				5BBF0F17228D13DE0071E9F7 /* AnnouncerAnimation.swift */,
				5B40056222C59C73005AABB6 /* WaitAnimation.swift */,
			);
			path = Battle;
			sourceTree = "<group>";
		};
		5BAB2C5222EE5248008A31EE /* Character */ = {
			isa = PBXGroup;
			children = (
				5B19083722B282A300CE8121 /* SummonAnimation.swift */,
				5B2AD8D822D6FE8A0082F6D1 /* DeathAnimation.swift */,
				5B2AD8D622D6FDB70082F6D1 /* DamageAnimation.swift */,
				5BAB2C5322EE5262008A31EE /* GiveArmorAnimation.swift */,
				5BE7A48522EB4DAB00F05DD6 /* SetExhaustionAnimation.swift */,
				5BE7A48B22EC717800F05DD6 /* SetAbilityCooldownAnimation.swift */,
			);
			path = Character;
			sourceTree = "<group>";
		};
		5BAC4310227E0EA100D15CA9 /* Extensions */ = {
			isa = PBXGroup;
			children = (
				5BAC4311227E0ED500D15CA9 /* UIColor.swift */,
				5BE889DA229704B2002B628F /* SKAction.swift */,
				5BB9379722EA16B400A135FE /* SKShapeNode.swift */,
			);
			path = Extensions;
			sourceTree = "<group>";
		};
		5BCA6EFF2038911000B81376 = {
			isa = PBXGroup;
			children = (
				5BCA6F0A2038911000B81376 /* Uniq */,
				5B3FE3F122807A1900470A5F /* UniqTests */,
				5BCA6F092038911000B81376 /* Products */,
			);
			sourceTree = "<group>";
		};
		5BCA6F092038911000B81376 /* Products */ = {
			isa = PBXGroup;
			children = (
				5BCA6F082038911000B81376 /* Uniq.app */,
				5B3FE3F022807A1900470A5F /* UniqTests.xctest */,
			);
			name = Products;
			sourceTree = "<group>";
		};
		5BCA6F0A2038911000B81376 /* Uniq */ = {
			isa = PBXGroup;
			children = (
				5BCA6F0B2038911000B81376 /* AppDelegate.swift */,
				5B40055322C57B17005AABB6 /* Battle */,
				5BCA6F31203B20DC00B81376 /* Card */,
				5B7E2D1B203EB7C20026B445 /* Animation */,
				5B1AC39D203C612900F3B921 /* Decks */,
				5BAC4310227E0EA100D15CA9 /* Extensions */,
				5BCA6F132038911000B81376 /* GameViewController.swift */,
				5BCA6F152038911000B81376 /* Main.storyboard */,
				5BCA6F182038911000B81376 /* Assets.xcassets */,
				5BCA6F1A2038911000B81376 /* LaunchScreen.storyboard */,
				5BCA6F1D2038911000B81376 /* Info.plist */,
			);
			path = Uniq;
			sourceTree = "<group>";
		};
		5BCA6F31203B20DC00B81376 /* Card */ = {
			isa = PBXGroup;
			children = (
				5B1AC39B203C435A00F3B921 /* Deck.swift */,
				5BCA6F2B203A283200B81376 /* Card.swift */,
				5B33A64B204116CF00CF2D76 /* SpellCard.swift */,
				5BCA6F2D203A2AB400B81376 /* CreatureCard.swift */,
				5B9484C522C4B3C800FA413C /* Sprites */,
				5B9484C822C5182800FA413C /* Abilities */,
				5BA1E90222C7A12000B9C2C2 /* Library */,
			);
			path = Card;
			sourceTree = "<group>";
		};
/* End PBXGroup section */

/* Begin PBXNativeTarget section */
		5B3FE3EF22807A1900470A5F /* UniqTests */ = {
			isa = PBXNativeTarget;
			buildConfigurationList = 5B3FE3F722807A1900470A5F /* Build configuration list for PBXNativeTarget "UniqTests" */;
			buildPhases = (
				5B3FE3EC22807A1900470A5F /* Sources */,
				5B3FE3ED22807A1900470A5F /* Frameworks */,
				5B3FE3EE22807A1900470A5F /* Resources */,
			);
			buildRules = (
			);
			dependencies = (
				5B3FE3F622807A1900470A5F /* PBXTargetDependency */,
			);
			name = UniqTests;
			productName = UniqTests;
			productReference = 5B3FE3F022807A1900470A5F /* UniqTests.xctest */;
			productType = "com.apple.product-type.bundle.unit-test";
		};
		5BCA6F072038911000B81376 /* Uniq */ = {
			isa = PBXNativeTarget;
			buildConfigurationList = 5BCA6F202038911000B81376 /* Build configuration list for PBXNativeTarget "Uniq" */;
			buildPhases = (
				5BCA6F042038911000B81376 /* Sources */,
				5BCA6F052038911000B81376 /* Frameworks */,
				5BCA6F062038911000B81376 /* Resources */,
			);
			buildRules = (
			);
			dependencies = (
			);
			name = Uniq;
			productName = Uniq;
			productReference = 5BCA6F082038911000B81376 /* Uniq.app */;
			productType = "com.apple.product-type.application";
		};
/* End PBXNativeTarget section */

/* Begin PBXProject section */
		5BCA6F002038911000B81376 /* Project object */ = {
			isa = PBXProject;
			attributes = {
				LastSwiftUpdateCheck = 1020;
				LastUpgradeCheck = 1020;
				ORGANIZATIONNAME = "Steven Gusev";
				TargetAttributes = {
					5B3FE3EF22807A1900470A5F = {
						CreatedOnToolsVersion = 10.2.1;
						ProvisioningStyle = Automatic;
						TestTargetID = 5BCA6F072038911000B81376;
					};
					5BCA6F072038911000B81376 = {
						CreatedOnToolsVersion = 9.2;
						ProvisioningStyle = Automatic;
					};
				};
			};
			buildConfigurationList = 5BCA6F032038911000B81376 /* Build configuration list for PBXProject "Uniq" */;
			compatibilityVersion = "Xcode 8.0";
			developmentRegion = en;
			hasScannedForEncodings = 0;
			knownRegions = (
				en,
				Base,
			);
			mainGroup = 5BCA6EFF2038911000B81376;
			productRefGroup = 5BCA6F092038911000B81376 /* Products */;
			projectDirPath = "";
			projectRoot = "";
			targets = (
				5BCA6F072038911000B81376 /* Uniq */,
				5B3FE3EF22807A1900470A5F /* UniqTests */,
			);
		};
/* End PBXProject section */

/* Begin PBXResourcesBuildPhase section */
		5B3FE3EE22807A1900470A5F /* Resources */ = {
			isa = PBXResourcesBuildPhase;
			buildActionMask = 2147483647;
			files = (
			);
			runOnlyForDeploymentPostprocessing = 0;
		};
		5BCA6F062038911000B81376 /* Resources */ = {
			isa = PBXResourcesBuildPhase;
			buildActionMask = 2147483647;
			files = (
				5BCA6F172038911000B81376 /* Main.storyboard in Resources */,
				5BCA6F192038911000B81376 /* Assets.xcassets in Resources */,
				5BCA6F1C2038911000B81376 /* LaunchScreen.storyboard in Resources */,
				5B669F3D2049B4BF00DC2760 /* NotOnlyDamageSpells.json in Resources */,
			);
			runOnlyForDeploymentPostprocessing = 0;
		};
/* End PBXResourcesBuildPhase section */

/* Begin PBXSourcesBuildPhase section */
		5B3FE3EC22807A1900470A5F /* Sources */ = {
			isa = PBXSourcesBuildPhase;
			buildActionMask = 2147483647;
			files = (
				5B3FE3F322807A1900470A5F /* UniqTests.swift in Sources */,
			);
			runOnlyForDeploymentPostprocessing = 0;
		};
		5BCA6F042038911000B81376 /* Sources */ = {
			isa = PBXSourcesBuildPhase;
			buildActionMask = 2147483647;
			files = (
				5B4F7E792287D0FE00252113 /* Player.swift in Sources */,
				5BB9379822EA16B400A135FE /* SKShapeNode.swift in Sources */,
				5B7E2D18203E9D420026B445 /* AnimationPipeline.swift in Sources */,
				5B1AC39C203C435A00F3B921 /* Deck.swift in Sources */,
				5B34E05A22D0198700B72A11 /* HeroSprite.swift in Sources */,
				5B1AC39A203BB01200F3B921 /* HandSprite.swift in Sources */,
				5B2AD8D322D5F7BA0082F6D1 /* DefendAbility.swift in Sources */,
				5BBF0F18228D13DE0071E9F7 /* AnnouncerAnimation.swift in Sources */,
				5B2622CB228A64E100DFE0EE /* CardLibrary.swift in Sources */,
				5B19083C22B3527D00CE8121 /* PassiveAbility.swift in Sources */,
				5B2AD8C322D377560082F6D1 /* Formation.swift in Sources */,
				5B6FCB1F22BE471600E189DD /* CardSprite.swift in Sources */,
				5BBF0F14228C09550071E9F7 /* TurnAnnouncerSprite.swift in Sources */,
				5B66CE4E204BF6560047A9DC /* StatLabel.swift in Sources */,
				5B2622CD228A82CE00DFE0EE /* ActiveAbility.swift in Sources */,
				5B34E05F22D02DA900B72A11 /* CharacterSprite.swift in Sources */,
				5BAB2C5422EE5262008A31EE /* GiveArmorAnimation.swift in Sources */,
				5BE0B0B4204F0F29009DA26E /* Battle.swift in Sources */,
				5BAC4312227E0ED500D15CA9 /* UIColor.swift in Sources */,
				5BCA6F122038911000B81376 /* BattleScene.swift in Sources */,
				5BBF0F1A228ED5620071E9F7 /* AbilityLabel.swift in Sources */,
				5BDF3834229F6DCF0094EEC2 /* Interactive.swift in Sources */,
				5B3A29C722C00E4000CF1AE1 /* CreatureCardSprite.swift in Sources */,
				5B34E05D22D02C4900B72A11 /* Character.swift in Sources */,
				5BCA6F2A2039EE2300B81376 /* Creature.swift in Sources */,
				5B19083822B282A300CE8121 /* SummonAnimation.swift in Sources */,
				5B2AD8C522D379D10082F6D1 /* BattleSprite.swift in Sources */,
				5BCA6F2C203A283200B81376 /* Card.swift in Sources */,
				5BCA6F2E203A2AB400B81376 /* CreatureCard.swift in Sources */,
				5B11822222C98313007D963A /* OnSummonAbility.swift in Sources */,
				5B2C921422DE313C00D64332 /* BlessingAbility.swift in Sources */,
				5B2AD8BB22D2D31F0082F6D1 /* AbilitiesList.swift in Sources */,
				5B33A64C204116CF00CF2D76 /* SpellCard.swift in Sources */,
				5B2AD8DB22D709410082F6D1 /* FormationSprite.swift in Sources */,
				5B3A29C522C00E1100CF1AE1 /* SpellCardSprite.swift in Sources */,
				5B66CE50204BFEDD0047A9DC /* DamageLabel.swift in Sources */,
				5B2C921222DE2F6300D64332 /* ShieldAlliesAbility.swift in Sources */,
				5BA1E90B22C8457F00B9C2C2 /* PassButton.swift in Sources */,
				5BCA6F142038911000B81376 /* GameViewController.swift in Sources */,
				5BE7A48E22ECD8C000F05DD6 /* HealthLabel.swift in Sources */,
				5B2AD8CB22D595FD0082F6D1 /* ActionsPanel.swift in Sources */,
				5B2AD8B922D265840082F6D1 /* AbilityButton.swift in Sources */,
				5B19083622B2760E00CE8121 /* CreatureSprite.swift in Sources */,
				5BE7A48622EB4DAB00F05DD6 /* SetExhaustionAnimation.swift in Sources */,
				5B2C920E22DE2AEE00D64332 /* LightbringerCreature.swift in Sources */,
				5B2AD8CD22D597C70082F6D1 /* ActionsPanels.swift in Sources */,
				5BE7A48C22EC717800F05DD6 /* SetAbilityCooldownAnimation.swift in Sources */,
				5B34E05822D0157600B72A11 /* Hero.swift in Sources */,
				5B9484C722C4F26700FA413C /* Interactives.swift in Sources */,
				5BE7A48A22EC407800F05DD6 /* AbilityDescription.swift in Sources */,
				5B7E2D1A203EB7B20026B445 /* Animation.swift in Sources */,
				5B2AD8C722D4F9B60082F6D1 /* FairyCreature.swift in Sources */,
				5B2AD8D522D647D10082F6D1 /* BuffAttackAbility.swift in Sources */,
				5B2AD8D722D6FDB80082F6D1 /* DamageAnimation.swift in Sources */,
				5B2AD8D922D6FE8A0082F6D1 /* DeathAnimation.swift in Sources */,
				5BCA6F0C2038911000B81376 /* AppDelegate.swift in Sources */,
				5BE889DB229704B2002B628F /* SKAction.swift in Sources */,
				5B2AD8CF22D5BBB10082F6D1 /* AttackAbility.swift in Sources */,
				5B40056322C59C73005AABB6 /* WaitAnimation.swift in Sources */,
			);
			runOnlyForDeploymentPostprocessing = 0;
		};
/* End PBXSourcesBuildPhase section */

/* Begin PBXTargetDependency section */
		5B3FE3F622807A1900470A5F /* PBXTargetDependency */ = {
			isa = PBXTargetDependency;
			target = 5BCA6F072038911000B81376 /* Uniq */;
			targetProxy = 5B3FE3F522807A1900470A5F /* PBXContainerItemProxy */;
		};
/* End PBXTargetDependency section */

/* Begin PBXVariantGroup section */
		5BCA6F152038911000B81376 /* Main.storyboard */ = {
			isa = PBXVariantGroup;
			children = (
				5BCA6F162038911000B81376 /* Base */,
			);
			name = Main.storyboard;
			sourceTree = "<group>";
		};
		5BCA6F1A2038911000B81376 /* LaunchScreen.storyboard */ = {
			isa = PBXVariantGroup;
			children = (
				5BCA6F1B2038911000B81376 /* Base */,
			);
			name = LaunchScreen.storyboard;
			sourceTree = "<group>";
		};
/* End PBXVariantGroup section */

/* Begin XCBuildConfiguration section */
		5B3FE3F822807A1900470A5F /* Debug */ = {
			isa = XCBuildConfiguration;
			buildSettings = {
				BUNDLE_LOADER = "$(TEST_HOST)";
				CLANG_ENABLE_OBJC_WEAK = YES;
				CLANG_WARN_DEPRECATED_OBJC_IMPLEMENTATIONS = YES;
				CLANG_WARN_OBJC_IMPLICIT_RETAIN_SELF = YES;
				CODE_SIGN_STYLE = Automatic;
				DEVELOPMENT_TEAM = 45WA72GCPL;
				INFOPLIST_FILE = UniqTests/Info.plist;
				IPHONEOS_DEPLOYMENT_TARGET = 12.2;
				LD_RUNPATH_SEARCH_PATHS = "$(inherited) @executable_path/Frameworks @loader_path/Frameworks";
				MTL_ENABLE_DEBUG_INFO = INCLUDE_SOURCE;
				MTL_FAST_MATH = YES;
				PRODUCT_BUNDLE_IDENTIFIER = pure.UniqTests;
				PRODUCT_NAME = "$(TARGET_NAME)";
				SWIFT_VERSION = 5.0;
				TARGETED_DEVICE_FAMILY = "1,2";
				TEST_HOST = "$(BUILT_PRODUCTS_DIR)/Uniq.app/Uniq";
			};
			name = Debug;
		};
		5B3FE3F922807A1900470A5F /* Release */ = {
			isa = XCBuildConfiguration;
			buildSettings = {
				BUNDLE_LOADER = "$(TEST_HOST)";
				CLANG_ENABLE_OBJC_WEAK = YES;
				CLANG_WARN_DEPRECATED_OBJC_IMPLEMENTATIONS = YES;
				CLANG_WARN_OBJC_IMPLICIT_RETAIN_SELF = YES;
				CODE_SIGN_STYLE = Automatic;
				DEVELOPMENT_TEAM = 45WA72GCPL;
				INFOPLIST_FILE = UniqTests/Info.plist;
				IPHONEOS_DEPLOYMENT_TARGET = 12.2;
				LD_RUNPATH_SEARCH_PATHS = "$(inherited) @executable_path/Frameworks @loader_path/Frameworks";
				MTL_FAST_MATH = YES;
				PRODUCT_BUNDLE_IDENTIFIER = pure.UniqTests;
				PRODUCT_NAME = "$(TARGET_NAME)";
				SWIFT_VERSION = 5.0;
				TARGETED_DEVICE_FAMILY = "1,2";
				TEST_HOST = "$(BUILT_PRODUCTS_DIR)/Uniq.app/Uniq";
			};
			name = Release;
		};
		5BCA6F1E2038911000B81376 /* Debug */ = {
			isa = XCBuildConfiguration;
			buildSettings = {
				ALWAYS_SEARCH_USER_PATHS = NO;
				CLANG_ANALYZER_NONNULL = YES;
				CLANG_ANALYZER_NUMBER_OBJECT_CONVERSION = YES_AGGRESSIVE;
				CLANG_CXX_LANGUAGE_STANDARD = "gnu++14";
				CLANG_CXX_LIBRARY = "libc++";
				CLANG_ENABLE_MODULES = YES;
				CLANG_ENABLE_OBJC_ARC = YES;
				CLANG_WARN_BLOCK_CAPTURE_AUTORELEASING = YES;
				CLANG_WARN_BOOL_CONVERSION = YES;
				CLANG_WARN_COMMA = YES;
				CLANG_WARN_CONSTANT_CONVERSION = YES;
				CLANG_WARN_DEPRECATED_OBJC_IMPLEMENTATIONS = YES;
				CLANG_WARN_DIRECT_OBJC_ISA_USAGE = YES_ERROR;
				CLANG_WARN_DOCUMENTATION_COMMENTS = YES;
				CLANG_WARN_EMPTY_BODY = YES;
				CLANG_WARN_ENUM_CONVERSION = YES;
				CLANG_WARN_INFINITE_RECURSION = YES;
				CLANG_WARN_INT_CONVERSION = YES;
				CLANG_WARN_NON_LITERAL_NULL_CONVERSION = YES;
				CLANG_WARN_OBJC_IMPLICIT_RETAIN_SELF = YES;
				CLANG_WARN_OBJC_LITERAL_CONVERSION = YES;
				CLANG_WARN_OBJC_ROOT_CLASS = YES_ERROR;
				CLANG_WARN_RANGE_LOOP_ANALYSIS = YES;
				CLANG_WARN_STRICT_PROTOTYPES = YES;
				CLANG_WARN_SUSPICIOUS_MOVE = YES;
				CLANG_WARN_UNGUARDED_AVAILABILITY = YES_AGGRESSIVE;
				CLANG_WARN_UNREACHABLE_CODE = YES;
				CLANG_WARN__DUPLICATE_METHOD_MATCH = YES;
				CODE_SIGN_IDENTITY = "iPhone Developer";
				COPY_PHASE_STRIP = NO;
				DEBUG_INFORMATION_FORMAT = dwarf;
				ENABLE_STRICT_OBJC_MSGSEND = YES;
				ENABLE_TESTABILITY = YES;
				GCC_C_LANGUAGE_STANDARD = gnu11;
				GCC_DYNAMIC_NO_PIC = NO;
				GCC_NO_COMMON_BLOCKS = YES;
				GCC_OPTIMIZATION_LEVEL = 0;
				GCC_PREPROCESSOR_DEFINITIONS = (
					"DEBUG=1",
					"$(inherited)",
				);
				GCC_WARN_64_TO_32_BIT_CONVERSION = YES;
				GCC_WARN_ABOUT_RETURN_TYPE = YES_ERROR;
				GCC_WARN_UNDECLARED_SELECTOR = YES;
				GCC_WARN_UNINITIALIZED_AUTOS = YES_AGGRESSIVE;
				GCC_WARN_UNUSED_FUNCTION = YES;
				GCC_WARN_UNUSED_VARIABLE = YES;
				IPHONEOS_DEPLOYMENT_TARGET = 11.2;
				MTL_ENABLE_DEBUG_INFO = YES;
				ONLY_ACTIVE_ARCH = YES;
				SDKROOT = iphoneos;
				SWIFT_ACTIVE_COMPILATION_CONDITIONS = DEBUG;
				SWIFT_OPTIMIZATION_LEVEL = "-Onone";
			};
			name = Debug;
		};
		5BCA6F1F2038911000B81376 /* Release */ = {
			isa = XCBuildConfiguration;
			buildSettings = {
				ALWAYS_SEARCH_USER_PATHS = NO;
				CLANG_ANALYZER_NONNULL = YES;
				CLANG_ANALYZER_NUMBER_OBJECT_CONVERSION = YES_AGGRESSIVE;
				CLANG_CXX_LANGUAGE_STANDARD = "gnu++14";
				CLANG_CXX_LIBRARY = "libc++";
				CLANG_ENABLE_MODULES = YES;
				CLANG_ENABLE_OBJC_ARC = YES;
				CLANG_WARN_BLOCK_CAPTURE_AUTORELEASING = YES;
				CLANG_WARN_BOOL_CONVERSION = YES;
				CLANG_WARN_COMMA = YES;
				CLANG_WARN_CONSTANT_CONVERSION = YES;
				CLANG_WARN_DEPRECATED_OBJC_IMPLEMENTATIONS = YES;
				CLANG_WARN_DIRECT_OBJC_ISA_USAGE = YES_ERROR;
				CLANG_WARN_DOCUMENTATION_COMMENTS = YES;
				CLANG_WARN_EMPTY_BODY = YES;
				CLANG_WARN_ENUM_CONVERSION = YES;
				CLANG_WARN_INFINITE_RECURSION = YES;
				CLANG_WARN_INT_CONVERSION = YES;
				CLANG_WARN_NON_LITERAL_NULL_CONVERSION = YES;
				CLANG_WARN_OBJC_IMPLICIT_RETAIN_SELF = YES;
				CLANG_WARN_OBJC_LITERAL_CONVERSION = YES;
				CLANG_WARN_OBJC_ROOT_CLASS = YES_ERROR;
				CLANG_WARN_RANGE_LOOP_ANALYSIS = YES;
				CLANG_WARN_STRICT_PROTOTYPES = YES;
				CLANG_WARN_SUSPICIOUS_MOVE = YES;
				CLANG_WARN_UNGUARDED_AVAILABILITY = YES_AGGRESSIVE;
				CLANG_WARN_UNREACHABLE_CODE = YES;
				CLANG_WARN__DUPLICATE_METHOD_MATCH = YES;
				CODE_SIGN_IDENTITY = "iPhone Developer";
				COPY_PHASE_STRIP = NO;
				DEBUG_INFORMATION_FORMAT = "dwarf-with-dsym";
				ENABLE_NS_ASSERTIONS = NO;
				ENABLE_STRICT_OBJC_MSGSEND = YES;
				GCC_C_LANGUAGE_STANDARD = gnu11;
				GCC_NO_COMMON_BLOCKS = YES;
				GCC_WARN_64_TO_32_BIT_CONVERSION = YES;
				GCC_WARN_ABOUT_RETURN_TYPE = YES_ERROR;
				GCC_WARN_UNDECLARED_SELECTOR = YES;
				GCC_WARN_UNINITIALIZED_AUTOS = YES_AGGRESSIVE;
				GCC_WARN_UNUSED_FUNCTION = YES;
				GCC_WARN_UNUSED_VARIABLE = YES;
				IPHONEOS_DEPLOYMENT_TARGET = 11.2;
				MTL_ENABLE_DEBUG_INFO = NO;
				SDKROOT = iphoneos;
				SWIFT_OPTIMIZATION_LEVEL = "-Owholemodule";
				VALIDATE_PRODUCT = YES;
			};
			name = Release;
		};
		5BCA6F212038911000B81376 /* Debug */ = {
			isa = XCBuildConfiguration;
			buildSettings = {
				ASSETCATALOG_COMPILER_APPICON_NAME = AppIcon;
				CODE_SIGN_STYLE = Automatic;
				DEVELOPMENT_TEAM = 45WA72GCPL;
				INFOPLIST_FILE = Uniq/Info.plist;
				LD_RUNPATH_SEARCH_PATHS = "$(inherited) @executable_path/Frameworks";
				PRODUCT_BUNDLE_IDENTIFIER = pure.Uniq;
				PRODUCT_NAME = "$(TARGET_NAME)";
				SWIFT_VERSION = 5.0;
				TARGETED_DEVICE_FAMILY = "1,2";
			};
			name = Debug;
		};
		5BCA6F222038911000B81376 /* Release */ = {
			isa = XCBuildConfiguration;
			buildSettings = {
				ASSETCATALOG_COMPILER_APPICON_NAME = AppIcon;
				CODE_SIGN_STYLE = Automatic;
				DEVELOPMENT_TEAM = 45WA72GCPL;
				INFOPLIST_FILE = Uniq/Info.plist;
				LD_RUNPATH_SEARCH_PATHS = "$(inherited) @executable_path/Frameworks";
				PRODUCT_BUNDLE_IDENTIFIER = pure.Uniq;
				PRODUCT_NAME = "$(TARGET_NAME)";
				SWIFT_VERSION = 5.0;
				TARGETED_DEVICE_FAMILY = "1,2";
			};
			name = Release;
		};
/* End XCBuildConfiguration section */

/* Begin XCConfigurationList section */
		5B3FE3F722807A1900470A5F /* Build configuration list for PBXNativeTarget "UniqTests" */ = {
			isa = XCConfigurationList;
			buildConfigurations = (
				5B3FE3F822807A1900470A5F /* Debug */,
				5B3FE3F922807A1900470A5F /* Release */,
			);
			defaultConfigurationIsVisible = 0;
			defaultConfigurationName = Release;
		};
		5BCA6F032038911000B81376 /* Build configuration list for PBXProject "Uniq" */ = {
			isa = XCConfigurationList;
			buildConfigurations = (
				5BCA6F1E2038911000B81376 /* Debug */,
				5BCA6F1F2038911000B81376 /* Release */,
			);
			defaultConfigurationIsVisible = 0;
			defaultConfigurationName = Release;
		};
		5BCA6F202038911000B81376 /* Build configuration list for PBXNativeTarget "Uniq" */ = {
			isa = XCConfigurationList;
			buildConfigurations = (
				5BCA6F212038911000B81376 /* Debug */,
				5BCA6F222038911000B81376 /* Release */,
			);
			defaultConfigurationIsVisible = 0;
			defaultConfigurationName = Release;
		};
/* End XCConfigurationList section */
	};
	rootObject = 5BCA6F002038911000B81376 /* Project object */;
}
